// !$*UTF8*$!
{
	archiveVersion = 1;
	classes = {
	};
	objectVersion = 50;
	objects = {

/* Begin PBXBuildFile section */
		011426B424968916005363E8 /* PTDOpenGLBufferedTexture.m in Sources */ = {isa = PBXBuildFile; fileRef = 011426B324968916005363E8 /* PTDOpenGLBufferedTexture.m */; };
		013C9A03249AD17E0033120A /* PTDNSPanel.m in Sources */ = {isa = PBXBuildFile; fileRef = 013C9A02249AD17E0033120A /* PTDNSPanel.m */; };
		0146EBAB24FB319400B3785C /* Sparkle.framework in Copy Bundle Frameworks */ = {isa = PBXBuildFile; fileRef = 0146EB9324FB316300B3785C /* Sparkle.framework */; settings = {ATTRIBUTES = (CodeSignOnCopy, RemoveHeadersOnCopy, ); }; };
		01484AE62631AC1A00B0518F /* PTDCollectionViewFlowLayout.m in Sources */ = {isa = PBXBuildFile; fileRef = 01484AE52631AC1A00B0518F /* PTDCollectionViewFlowLayout.m */; };
		01484AFF263213EA00B0518F /* PTDAbstractPrefsCollectionViewDelegate.m in Sources */ = {isa = PBXBuildFile; fileRef = 01484AFE263213EA00B0518F /* PTDAbstractPrefsCollectionViewDelegate.m */; };
		01484B0426321F1800B0518F /* PTDAbstractSizePrefsCollectionViewDelegate.m in Sources */ = {isa = PBXBuildFile; fileRef = 01484B0326321F1800B0518F /* PTDAbstractSizePrefsCollectionViewDelegate.m */; };
		01484B0726321F4900B0518F /* PTDAbstractSizeCollectionViewItem.m in Sources */ = {isa = PBXBuildFile; fileRef = 01484B0626321F4900B0518F /* PTDAbstractSizeCollectionViewItem.m */; };
		01484B112632321100B0518F /* PTDSizeEditorPopover.m in Sources */ = {isa = PBXBuildFile; fileRef = 01484B0F2632321100B0518F /* PTDSizeEditorPopover.m */; };
		01484B122632321100B0518F /* PTDSizeEditorPopover.xib in Resources */ = {isa = PBXBuildFile; fileRef = 01484B102632321100B0518F /* PTDSizeEditorPopover.xib */; };
		01484B1526323E4800B0518F /* PTDScreenPaintWindow.m in Sources */ = {isa = PBXBuildFile; fileRef = 01484B1426323E4800B0518F /* PTDScreenPaintWindow.m */; };
		015A50CC24A13F4B0008AAB1 /* PTDRoundRectTool.m in Sources */ = {isa = PBXBuildFile; fileRef = 015A50CB24A13F4B0008AAB1 /* PTDRoundRectTool.m */; };
		0162BC91249A0CAE00DFECC9 /* PTDRingMenu.m in Sources */ = {isa = PBXBuildFile; fileRef = 0162BC90249A0CAE00DFECC9 /* PTDRingMenu.m */; };
		0162BC94249A0CC400DFECC9 /* PTDRingMenuItem.m in Sources */ = {isa = PBXBuildFile; fileRef = 0162BC93249A0CC400DFECC9 /* PTDRingMenuItem.m */; };
		0162BC97249A0DDA00DFECC9 /* PTDRingMenuSpring.m in Sources */ = {isa = PBXBuildFile; fileRef = 0162BC96249A0DDA00DFECC9 /* PTDRingMenuSpring.m */; };
		0162BCA0249A9BC000DFECC9 /* NSColor+PTD.m in Sources */ = {isa = PBXBuildFile; fileRef = 0162BC9F249A9BC000DFECC9 /* NSColor+PTD.m */; };
		01642478249FF58D000955D8 /* PTDShapeTool.m in Sources */ = {isa = PBXBuildFile; fileRef = 01642476249FF58D000955D8 /* PTDShapeTool.m */; };
		0164247B249FF71F000955D8 /* PTDOvalTool.m in Sources */ = {isa = PBXBuildFile; fileRef = 0164247A249FF71F000955D8 /* PTDOvalTool.m */; };
		0167A55B24A7F87700E08507 /* NSImage+PTD.m in Sources */ = {isa = PBXBuildFile; fileRef = 0167A55A24A7F87700E08507 /* NSImage+PTD.m */; };
		0169E1672607ACB6008F986B /* PTDToolOptions.m in Sources */ = {isa = PBXBuildFile; fileRef = 0169E1662607ACB6008F986B /* PTDToolOptions.m */; };
		0169E17A2607F4CF008F986B /* PTDBrushTool.m in Sources */ = {isa = PBXBuildFile; fileRef = 0169E1792607F4CF008F986B /* PTDBrushTool.m */; };
		016A928C24993FFD006C9678 /* PTDRingMenuWindow.m in Sources */ = {isa = PBXBuildFile; fileRef = 016A928A24993FFD006C9678 /* PTDRingMenuWindow.m */; };
		016A928D24993FFD006C9678 /* PTDRingMenuWindow.xib in Resources */ = {isa = PBXBuildFile; fileRef = 016A928B24993FFD006C9678 /* PTDRingMenuWindow.xib */; };
		016AD9A524978132004E3749 /* NSView+PTD.m in Sources */ = {isa = PBXBuildFile; fileRef = 016AD9A424978132004E3749 /* NSView+PTD.m */; };
		016AD9A8249790B3004E3749 /* PTDDrawingSurface.m in Sources */ = {isa = PBXBuildFile; fileRef = 016AD9A7249790B3004E3749 /* PTDDrawingSurface.m */; };
		016AD9AB2497A902004E3749 /* PTDRectangleTool.m in Sources */ = {isa = PBXBuildFile; fileRef = 016AD9AA2497A902004E3749 /* PTDRectangleTool.m */; };
		016D36B42490584E0086E96D /* PTDPencilTool.m in Sources */ = {isa = PBXBuildFile; fileRef = 016D36B32490584E0086E96D /* PTDPencilTool.m */; };
		016D36B724905E280086E96D /* PTDToolManager.m in Sources */ = {isa = PBXBuildFile; fileRef = 016D36B624905E280086E96D /* PTDToolManager.m */; };
		016D36BA249064700086E96D /* PTDEraserTool.m in Sources */ = {isa = PBXBuildFile; fileRef = 016D36B9249064700086E96D /* PTDEraserTool.m */; };
		016D36BD249067300086E96D /* PTDTool.m in Sources */ = {isa = PBXBuildFile; fileRef = 016D36BC249067300086E96D /* PTDTool.m */; };
		016D36C0249068F40086E96D /* PTDResetTool.m in Sources */ = {isa = PBXBuildFile; fileRef = 016D36BF249068F40086E96D /* PTDResetTool.m */; };
		016D36C324907BBB0086E96D /* PTDCursor.m in Sources */ = {isa = PBXBuildFile; fileRef = 016D36C224907BBB0086E96D /* PTDCursor.m */; };
		0177600F25BA340000317B4F /* PTDNoAnimeCALayer.m in Sources */ = {isa = PBXBuildFile; fileRef = 0177600E25BA340000317B4F /* PTDNoAnimeCALayer.m */; };
		018CB0C424AA3C1B002ABD80 /* PTDScreenMenuItemView.m in Sources */ = {isa = PBXBuildFile; fileRef = 018CB0C324AA3C1B002ABD80 /* PTDScreenMenuItemView.m */; };
		018CB0C624AA3CCB002ABD80 /* PTDScreenMenuItemView.xib in Resources */ = {isa = PBXBuildFile; fileRef = 018CB0C524AA3CCB002ABD80 /* PTDScreenMenuItemView.xib */; };
		018CB0C924AA421C002ABD80 /* NSNib+PTD.m in Sources */ = {isa = PBXBuildFile; fileRef = 018CB0C824AA421C002ABD80 /* NSNib+PTD.m */; };
		018E37632623C99E0009B7A4 /* PTDGraphics.m in Sources */ = {isa = PBXBuildFile; fileRef = 018E37622623C99E0009B7A4 /* PTDGraphics.m */; };
		019AB4882622571F008F85A7 /* PTDBrushColorPrefsCollectionViewDelegate.m in Sources */ = {isa = PBXBuildFile; fileRef = 019AB4872622571F008F85A7 /* PTDBrushColorPrefsCollectionViewDelegate.m */; };
		01A213DF248EE94500B5EB9D /* PTDAppDelegate.m in Sources */ = {isa = PBXBuildFile; fileRef = 01A213DE248EE94500B5EB9D /* PTDAppDelegate.m */; };
		01A213E1248EE94600B5EB9D /* Assets.xcassets in Resources */ = {isa = PBXBuildFile; fileRef = 01A213E0248EE94600B5EB9D /* Assets.xcassets */; };
		01A213E4248EE94600B5EB9D /* PTDApp.xib in Resources */ = {isa = PBXBuildFile; fileRef = 01A213E2248EE94600B5EB9D /* PTDApp.xib */; };
		01A213E7248EE94600B5EB9D /* main.m in Sources */ = {isa = PBXBuildFile; fileRef = 01A213E6248EE94600B5EB9D /* main.m */; };
		01A213F1248EE9F600B5EB9D /* PTDPaintWindow.m in Sources */ = {isa = PBXBuildFile; fileRef = 01A213EF248EE9F600B5EB9D /* PTDPaintWindow.m */; };
		01A213F2248EE9F600B5EB9D /* PTDPaintWindow.xib in Resources */ = {isa = PBXBuildFile; fileRef = 01A213F0248EE9F600B5EB9D /* PTDPaintWindow.xib */; };
		01A213F5248EEA1D00B5EB9D /* PTDPaintView.m in Sources */ = {isa = PBXBuildFile; fileRef = 01A213F4248EEA1D00B5EB9D /* PTDPaintView.m */; };
		01A31E4825BB35CA002BA7D4 /* NSBezierPath+PTD.m in Sources */ = {isa = PBXBuildFile; fileRef = 01A31E4725BB35CA002BA7D4 /* NSBezierPath+PTD.m */; };
		01B63BA6249C2F3400D9DFBF /* PTDRingMenuRing.m in Sources */ = {isa = PBXBuildFile; fileRef = 01B63BA5249C2F3400D9DFBF /* PTDRingMenuRing.m */; };
		01C0D68C2492ED7100AECEAB /* NSScreen+PTD.m in Sources */ = {isa = PBXBuildFile; fileRef = 01C0D68B2492ED7100AECEAB /* NSScreen+PTD.m */; };
		01CFFD1924EB50580093D6BA /* Localizable.strings in Resources */ = {isa = PBXBuildFile; fileRef = 01CFFD1B24EB50580093D6BA /* Localizable.strings */; };
		01D68A5825AB9D1A00536CD6 /* PTDSelectionTool.m in Sources */ = {isa = PBXBuildFile; fileRef = 01D68A5725AB9D1A00536CD6 /* PTDSelectionTool.m */; };
		01EE4620260BAD3400CF4CFF /* PTDPreferencesWindowController.m in Sources */ = {isa = PBXBuildFile; fileRef = 01EE461E260BAD3400CF4CFF /* PTDPreferencesWindowController.m */; };
		01EE4621260BAD3400CF4CFF /* PTDPreferencesWindow.xib in Resources */ = {isa = PBXBuildFile; fileRef = 01EE461F260BAD3400CF4CFF /* PTDPreferencesWindow.xib */; };
		01EE4624260BE25F00CF4CFF /* PTDBrushColorCollectionViewItem.m in Sources */ = {isa = PBXBuildFile; fileRef = 01EE4623260BE25F00CF4CFF /* PTDBrushColorCollectionViewItem.m */; };
		01F0320F2634C6B10045B622 /* PTDPaintViewController.m in Sources */ = {isa = PBXBuildFile; fileRef = 01F0320E2634C6B10045B622 /* PTDPaintViewController.m */; };
		01F032122634EC810045B622 /* PTDLineTool.m in Sources */ = {isa = PBXBuildFile; fileRef = 01F032112634EC810045B622 /* PTDLineTool.m */; };
		F7023C1B24C72D6E00B54623 /* NSWindow+PTD.m in Sources */ = {isa = PBXBuildFile; fileRef = F7023C1A24C72D6E00B54623 /* NSWindow+PTD.m */; };
/* End PBXBuildFile section */

/* Begin PBXContainerItemProxy section */
		0146EB9224FB316300B3785C /* PBXContainerItemProxy */ = {
			isa = PBXContainerItemProxy;
			containerPortal = 0146EB8024FB316200B3785C /* Sparkle.xcodeproj */;
			proxyType = 2;
			remoteGlobalIDString = 8DC2EF5B0486A6940098B216;
			remoteInfo = Sparkle;
		};
		0146EB9424FB316300B3785C /* PBXContainerItemProxy */ = {
			isa = PBXContainerItemProxy;
			containerPortal = 0146EB8024FB316200B3785C /* Sparkle.xcodeproj */;
			proxyType = 2;
			remoteGlobalIDString = 61B5F90209C4CEE200B25A18;
			remoteInfo = "Sparkle Test App";
		};
		0146EB9624FB316300B3785C /* PBXContainerItemProxy */ = {
			isa = PBXContainerItemProxy;
			containerPortal = 0146EB8024FB316200B3785C /* Sparkle.xcodeproj */;
			proxyType = 2;
			remoteGlobalIDString = 612279D90DB5470200AB99EA;
			remoteInfo = "Sparkle Unit Tests";
		};
		0146EB9824FB316300B3785C /* PBXContainerItemProxy */ = {
			isa = PBXContainerItemProxy;
			containerPortal = 0146EB8024FB316200B3785C /* Sparkle.xcodeproj */;
			proxyType = 2;
			remoteGlobalIDString = 5D06E8D00FD68C7C005AE3F6;
			remoteInfo = BinaryDelta;
		};
		0146EB9A24FB316300B3785C /* PBXContainerItemProxy */ = {
			isa = PBXContainerItemProxy;
			containerPortal = 0146EB8024FB316200B3785C /* Sparkle.xcodeproj */;
			proxyType = 2;
			remoteGlobalIDString = 55C14BB7136EEF1500649790;
			remoteInfo = Autoupdate;
		};
		0146EB9C24FB316300B3785C /* PBXContainerItemProxy */ = {
			isa = PBXContainerItemProxy;
			containerPortal = 0146EB8024FB316200B3785C /* Sparkle.xcodeproj */;
			proxyType = 2;
			remoteGlobalIDString = 726B2B5D1C645FC900388755;
			remoteInfo = "UI Tests";
		};
		0146EB9E24FB316300B3785C /* PBXContainerItemProxy */ = {
			isa = PBXContainerItemProxy;
			containerPortal = 0146EB8024FB316200B3785C /* Sparkle.xcodeproj */;
			proxyType = 2;
			remoteGlobalIDString = 722954B41D04ADAF00ECF9CA;
			remoteInfo = fileop;
		};
		0146EBA024FB316300B3785C /* PBXContainerItemProxy */ = {
			isa = PBXContainerItemProxy;
			containerPortal = 0146EB8024FB316200B3785C /* Sparkle.xcodeproj */;
			proxyType = 2;
			remoteGlobalIDString = 5AE13FB31E0D9E07000D2C2C;
			remoteInfo = generate_appcast;
		};
		0146EBA224FB316300B3785C /* PBXContainerItemProxy */ = {
			isa = PBXContainerItemProxy;
			containerPortal = 0146EB8024FB316200B3785C /* Sparkle.xcodeproj */;
			proxyType = 2;
			remoteGlobalIDString = 5AB8F19F214DA72000A1187F;
			remoteInfo = generate_keys;
		};
		0146EBA424FB316300B3785C /* PBXContainerItemProxy */ = {
			isa = PBXContainerItemProxy;
			containerPortal = 0146EB8024FB316200B3785C /* Sparkle.xcodeproj */;
			proxyType = 2;
			remoteGlobalIDString = 5A5ADED7214EDE4900DF0099;
			remoteInfo = sign_update;
		};
		0146EBA624FB316300B3785C /* PBXContainerItemProxy */ = {
			isa = PBXContainerItemProxy;
			containerPortal = 0146EB8024FB316200B3785C /* Sparkle.xcodeproj */;
			proxyType = 2;
			remoteGlobalIDString = EA4311EA229D651300A5503D;
			remoteInfo = bsdiff;
		};
		0146EBA824FB316300B3785C /* PBXContainerItemProxy */ = {
			isa = PBXContainerItemProxy;
			containerPortal = 0146EB8024FB316200B3785C /* Sparkle.xcodeproj */;
			proxyType = 2;
			remoteGlobalIDString = EA4311A0229D5FBC00A5503D;
			remoteInfo = ed25519;
		};
/* End PBXContainerItemProxy section */

/* Begin PBXCopyFilesBuildPhase section */
		0146EBAA24FB317B00B3785C /* Copy Bundle Frameworks */ = {
			isa = PBXCopyFilesBuildPhase;
			buildActionMask = 2147483647;
			dstPath = "";
			dstSubfolderSpec = 10;
			files = (
				0146EBAB24FB319400B3785C /* Sparkle.framework in Copy Bundle Frameworks */,
			);
			name = "Copy Bundle Frameworks";
			runOnlyForDeploymentPostprocessing = 0;
		};
/* End PBXCopyFilesBuildPhase section */

/* Begin PBXFileReference section */
		011426B224968916005363E8 /* PTDOpenGLBufferedTexture.h */ = {isa = PBXFileReference; lastKnownFileType = sourcecode.c.h; path = PTDOpenGLBufferedTexture.h; sourceTree = "<group>"; };
		011426B324968916005363E8 /* PTDOpenGLBufferedTexture.m */ = {isa = PBXFileReference; lastKnownFileType = sourcecode.c.objc; path = PTDOpenGLBufferedTexture.m; sourceTree = "<group>"; };
		013C9A01249AD17E0033120A /* PTDNSPanel.h */ = {isa = PBXFileReference; lastKnownFileType = sourcecode.c.h; path = PTDNSPanel.h; sourceTree = "<group>"; };
		013C9A02249AD17E0033120A /* PTDNSPanel.m */ = {isa = PBXFileReference; lastKnownFileType = sourcecode.c.objc; path = PTDNSPanel.m; sourceTree = "<group>"; };
		0146EB8024FB316200B3785C /* Sparkle.xcodeproj */ = {isa = PBXFileReference; lastKnownFileType = "wrapper.pb-project"; name = Sparkle.xcodeproj; path = Sparkle/Sparkle.xcodeproj; sourceTree = "<group>"; };
		01484AE42631AC1A00B0518F /* PTDCollectionViewFlowLayout.h */ = {isa = PBXFileReference; lastKnownFileType = sourcecode.c.h; path = PTDCollectionViewFlowLayout.h; sourceTree = "<group>"; };
		01484AE52631AC1A00B0518F /* PTDCollectionViewFlowLayout.m */ = {isa = PBXFileReference; lastKnownFileType = sourcecode.c.objc; path = PTDCollectionViewFlowLayout.m; sourceTree = "<group>"; };
		01484AFD263213E900B0518F /* PTDAbstractPrefsCollectionViewDelegate.h */ = {isa = PBXFileReference; lastKnownFileType = sourcecode.c.h; path = PTDAbstractPrefsCollectionViewDelegate.h; sourceTree = "<group>"; };
		01484AFE263213EA00B0518F /* PTDAbstractPrefsCollectionViewDelegate.m */ = {isa = PBXFileReference; lastKnownFileType = sourcecode.c.objc; path = PTDAbstractPrefsCollectionViewDelegate.m; sourceTree = "<group>"; };
		01484B012632197300B0518F /* PTDUtils.h */ = {isa = PBXFileReference; lastKnownFileType = sourcecode.c.h; path = PTDUtils.h; sourceTree = "<group>"; };
		01484B0226321F1800B0518F /* PTDAbstractSizePrefsCollectionViewDelegate.h */ = {isa = PBXFileReference; lastKnownFileType = sourcecode.c.h; path = PTDAbstractSizePrefsCollectionViewDelegate.h; sourceTree = "<group>"; };
		01484B0326321F1800B0518F /* PTDAbstractSizePrefsCollectionViewDelegate.m */ = {isa = PBXFileReference; lastKnownFileType = sourcecode.c.objc; path = PTDAbstractSizePrefsCollectionViewDelegate.m; sourceTree = "<group>"; };
		01484B0526321F4900B0518F /* PTDAbstractSizeCollectionViewItem.h */ = {isa = PBXFileReference; lastKnownFileType = sourcecode.c.h; path = PTDAbstractSizeCollectionViewItem.h; sourceTree = "<group>"; };
		01484B0626321F4900B0518F /* PTDAbstractSizeCollectionViewItem.m */ = {isa = PBXFileReference; lastKnownFileType = sourcecode.c.objc; path = PTDAbstractSizeCollectionViewItem.m; sourceTree = "<group>"; };
		01484B0E2632321100B0518F /* PTDSizeEditorPopover.h */ = {isa = PBXFileReference; lastKnownFileType = sourcecode.c.h; path = PTDSizeEditorPopover.h; sourceTree = "<group>"; };
		01484B0F2632321100B0518F /* PTDSizeEditorPopover.m */ = {isa = PBXFileReference; lastKnownFileType = sourcecode.c.objc; path = PTDSizeEditorPopover.m; sourceTree = "<group>"; };
		01484B102632321100B0518F /* PTDSizeEditorPopover.xib */ = {isa = PBXFileReference; lastKnownFileType = file.xib; path = PTDSizeEditorPopover.xib; sourceTree = "<group>"; };
		01484B1326323E4800B0518F /* PTDScreenPaintWindow.h */ = {isa = PBXFileReference; lastKnownFileType = sourcecode.c.h; path = PTDScreenPaintWindow.h; sourceTree = "<group>"; };
		01484B1426323E4800B0518F /* PTDScreenPaintWindow.m */ = {isa = PBXFileReference; lastKnownFileType = sourcecode.c.objc; path = PTDScreenPaintWindow.m; sourceTree = "<group>"; };
		015A50CA24A13F4B0008AAB1 /* PTDRoundRectTool.h */ = {isa = PBXFileReference; lastKnownFileType = sourcecode.c.h; path = PTDRoundRectTool.h; sourceTree = "<group>"; };
		015A50CB24A13F4B0008AAB1 /* PTDRoundRectTool.m */ = {isa = PBXFileReference; lastKnownFileType = sourcecode.c.objc; path = PTDRoundRectTool.m; sourceTree = "<group>"; };
		0162BC8F249A0CAD00DFECC9 /* PTDRingMenu.h */ = {isa = PBXFileReference; lastKnownFileType = sourcecode.c.h; path = PTDRingMenu.h; sourceTree = "<group>"; };
		0162BC90249A0CAE00DFECC9 /* PTDRingMenu.m */ = {isa = PBXFileReference; lastKnownFileType = sourcecode.c.objc; path = PTDRingMenu.m; sourceTree = "<group>"; };
		0162BC92249A0CC400DFECC9 /* PTDRingMenuItem.h */ = {isa = PBXFileReference; lastKnownFileType = sourcecode.c.h; path = PTDRingMenuItem.h; sourceTree = "<group>"; };
		0162BC93249A0CC400DFECC9 /* PTDRingMenuItem.m */ = {isa = PBXFileReference; lastKnownFileType = sourcecode.c.objc; path = PTDRingMenuItem.m; sourceTree = "<group>"; };
		0162BC95249A0DDA00DFECC9 /* PTDRingMenuSpring.h */ = {isa = PBXFileReference; lastKnownFileType = sourcecode.c.h; path = PTDRingMenuSpring.h; sourceTree = "<group>"; };
		0162BC96249A0DDA00DFECC9 /* PTDRingMenuSpring.m */ = {isa = PBXFileReference; lastKnownFileType = sourcecode.c.objc; path = PTDRingMenuSpring.m; sourceTree = "<group>"; };
		0162BC9E249A9BC000DFECC9 /* NSColor+PTD.h */ = {isa = PBXFileReference; lastKnownFileType = sourcecode.c.h; path = "NSColor+PTD.h"; sourceTree = "<group>"; };
		0162BC9F249A9BC000DFECC9 /* NSColor+PTD.m */ = {isa = PBXFileReference; lastKnownFileType = sourcecode.c.objc; path = "NSColor+PTD.m"; sourceTree = "<group>"; };
		01642476249FF58D000955D8 /* PTDShapeTool.m */ = {isa = PBXFileReference; lastKnownFileType = sourcecode.c.objc; path = PTDShapeTool.m; sourceTree = "<group>"; };
		01642477249FF58D000955D8 /* PTDShapeTool.h */ = {isa = PBXFileReference; lastKnownFileType = sourcecode.c.h; path = PTDShapeTool.h; sourceTree = "<group>"; };
		01642479249FF71F000955D8 /* PTDOvalTool.h */ = {isa = PBXFileReference; lastKnownFileType = sourcecode.c.h; path = PTDOvalTool.h; sourceTree = "<group>"; };
		0164247A249FF71F000955D8 /* PTDOvalTool.m */ = {isa = PBXFileReference; lastKnownFileType = sourcecode.c.objc; path = PTDOvalTool.m; sourceTree = "<group>"; };
		0167A55624A7A02400E08507 /* NSGeometry+PTD.h */ = {isa = PBXFileReference; lastKnownFileType = sourcecode.c.h; path = "NSGeometry+PTD.h"; sourceTree = "<group>"; };
		0167A55924A7F87700E08507 /* NSImage+PTD.h */ = {isa = PBXFileReference; lastKnownFileType = sourcecode.c.h; path = "NSImage+PTD.h"; sourceTree = "<group>"; };
		0167A55A24A7F87700E08507 /* NSImage+PTD.m */ = {isa = PBXFileReference; lastKnownFileType = sourcecode.c.objc; path = "NSImage+PTD.m"; sourceTree = "<group>"; };
		0169E1652607ACB6008F986B /* PTDToolOptions.h */ = {isa = PBXFileReference; lastKnownFileType = sourcecode.c.h; path = PTDToolOptions.h; sourceTree = "<group>"; };
		0169E1662607ACB6008F986B /* PTDToolOptions.m */ = {isa = PBXFileReference; lastKnownFileType = sourcecode.c.objc; path = PTDToolOptions.m; sourceTree = "<group>"; };
		0169E1782607F4CF008F986B /* PTDBrushTool.h */ = {isa = PBXFileReference; lastKnownFileType = sourcecode.c.h; path = PTDBrushTool.h; sourceTree = "<group>"; };
		0169E1792607F4CF008F986B /* PTDBrushTool.m */ = {isa = PBXFileReference; lastKnownFileType = sourcecode.c.objc; path = PTDBrushTool.m; sourceTree = "<group>"; };
		016A928924993FFD006C9678 /* PTDRingMenuWindow.h */ = {isa = PBXFileReference; lastKnownFileType = sourcecode.c.h; path = PTDRingMenuWindow.h; sourceTree = "<group>"; };
		016A928A24993FFD006C9678 /* PTDRingMenuWindow.m */ = {isa = PBXFileReference; lastKnownFileType = sourcecode.c.objc; path = PTDRingMenuWindow.m; sourceTree = "<group>"; };
		016A928B24993FFD006C9678 /* PTDRingMenuWindow.xib */ = {isa = PBXFileReference; lastKnownFileType = file.xib; path = PTDRingMenuWindow.xib; sourceTree = "<group>"; };
		016AD9A324978132004E3749 /* NSView+PTD.h */ = {isa = PBXFileReference; lastKnownFileType = sourcecode.c.h; path = "NSView+PTD.h"; sourceTree = "<group>"; };
		016AD9A424978132004E3749 /* NSView+PTD.m */ = {isa = PBXFileReference; lastKnownFileType = sourcecode.c.objc; path = "NSView+PTD.m"; sourceTree = "<group>"; };
		016AD9A6249790B3004E3749 /* PTDDrawingSurface.h */ = {isa = PBXFileReference; lastKnownFileType = sourcecode.c.h; path = PTDDrawingSurface.h; sourceTree = "<group>"; };
		016AD9A7249790B3004E3749 /* PTDDrawingSurface.m */ = {isa = PBXFileReference; lastKnownFileType = sourcecode.c.objc; path = PTDDrawingSurface.m; sourceTree = "<group>"; };
		016AD9A92497A902004E3749 /* PTDRectangleTool.h */ = {isa = PBXFileReference; lastKnownFileType = sourcecode.c.h; path = PTDRectangleTool.h; sourceTree = "<group>"; };
		016AD9AA2497A902004E3749 /* PTDRectangleTool.m */ = {isa = PBXFileReference; lastKnownFileType = sourcecode.c.objc; path = PTDRectangleTool.m; sourceTree = "<group>"; };
		016D36B22490584E0086E96D /* PTDPencilTool.h */ = {isa = PBXFileReference; lastKnownFileType = sourcecode.c.h; path = PTDPencilTool.h; sourceTree = "<group>"; };
		016D36B32490584E0086E96D /* PTDPencilTool.m */ = {isa = PBXFileReference; lastKnownFileType = sourcecode.c.objc; path = PTDPencilTool.m; sourceTree = "<group>"; };
		016D36B524905E280086E96D /* PTDToolManager.h */ = {isa = PBXFileReference; lastKnownFileType = sourcecode.c.h; path = PTDToolManager.h; sourceTree = "<group>"; };
		016D36B624905E280086E96D /* PTDToolManager.m */ = {isa = PBXFileReference; lastKnownFileType = sourcecode.c.objc; path = PTDToolManager.m; sourceTree = "<group>"; };
		016D36B8249064700086E96D /* PTDEraserTool.h */ = {isa = PBXFileReference; lastKnownFileType = sourcecode.c.h; path = PTDEraserTool.h; sourceTree = "<group>"; };
		016D36B9249064700086E96D /* PTDEraserTool.m */ = {isa = PBXFileReference; lastKnownFileType = sourcecode.c.objc; path = PTDEraserTool.m; sourceTree = "<group>"; };
		016D36BB249067300086E96D /* PTDTool.h */ = {isa = PBXFileReference; lastKnownFileType = sourcecode.c.h; path = PTDTool.h; sourceTree = "<group>"; };
		016D36BC249067300086E96D /* PTDTool.m */ = {isa = PBXFileReference; lastKnownFileType = sourcecode.c.objc; path = PTDTool.m; sourceTree = "<group>"; };
		016D36BE249068F40086E96D /* PTDResetTool.h */ = {isa = PBXFileReference; lastKnownFileType = sourcecode.c.h; path = PTDResetTool.h; sourceTree = "<group>"; };
		016D36BF249068F40086E96D /* PTDResetTool.m */ = {isa = PBXFileReference; lastKnownFileType = sourcecode.c.objc; path = PTDResetTool.m; sourceTree = "<group>"; };
		016D36C124907BBB0086E96D /* PTDCursor.h */ = {isa = PBXFileReference; lastKnownFileType = sourcecode.c.h; path = PTDCursor.h; sourceTree = "<group>"; };
		016D36C224907BBB0086E96D /* PTDCursor.m */ = {isa = PBXFileReference; lastKnownFileType = sourcecode.c.objc; path = PTDCursor.m; sourceTree = "<group>"; };
		0177600D25BA340000317B4F /* PTDNoAnimeCALayer.h */ = {isa = PBXFileReference; lastKnownFileType = sourcecode.c.h; path = PTDNoAnimeCALayer.h; sourceTree = "<group>"; };
		0177600E25BA340000317B4F /* PTDNoAnimeCALayer.m */ = {isa = PBXFileReference; lastKnownFileType = sourcecode.c.objc; path = PTDNoAnimeCALayer.m; sourceTree = "<group>"; };
		018CB0C224AA3C1B002ABD80 /* PTDScreenMenuItemView.h */ = {isa = PBXFileReference; lastKnownFileType = sourcecode.c.h; path = PTDScreenMenuItemView.h; sourceTree = "<group>"; };
		018CB0C324AA3C1B002ABD80 /* PTDScreenMenuItemView.m */ = {isa = PBXFileReference; lastKnownFileType = sourcecode.c.objc; path = PTDScreenMenuItemView.m; sourceTree = "<group>"; };
		018CB0C524AA3CCB002ABD80 /* PTDScreenMenuItemView.xib */ = {isa = PBXFileReference; lastKnownFileType = file.xib; path = PTDScreenMenuItemView.xib; sourceTree = "<group>"; };
		018CB0C724AA421C002ABD80 /* NSNib+PTD.h */ = {isa = PBXFileReference; lastKnownFileType = sourcecode.c.h; path = "NSNib+PTD.h"; sourceTree = "<group>"; };
		018CB0C824AA421C002ABD80 /* NSNib+PTD.m */ = {isa = PBXFileReference; lastKnownFileType = sourcecode.c.objc; path = "NSNib+PTD.m"; sourceTree = "<group>"; };
		018E37612623C99E0009B7A4 /* PTDGraphics.h */ = {isa = PBXFileReference; lastKnownFileType = sourcecode.c.h; path = PTDGraphics.h; sourceTree = "<group>"; };
		018E37622623C99E0009B7A4 /* PTDGraphics.m */ = {isa = PBXFileReference; lastKnownFileType = sourcecode.c.objc; path = PTDGraphics.m; sourceTree = "<group>"; };
		019AB4862622571F008F85A7 /* PTDBrushColorPrefsCollectionViewDelegate.h */ = {isa = PBXFileReference; lastKnownFileType = sourcecode.c.h; path = PTDBrushColorPrefsCollectionViewDelegate.h; sourceTree = "<group>"; };
		019AB4872622571F008F85A7 /* PTDBrushColorPrefsCollectionViewDelegate.m */ = {isa = PBXFileReference; lastKnownFileType = sourcecode.c.objc; path = PTDBrushColorPrefsCollectionViewDelegate.m; sourceTree = "<group>"; };
		01A213DA248EE94500B5EB9D /* PaintTheDesktop.app */ = {isa = PBXFileReference; explicitFileType = wrapper.application; includeInIndex = 0; path = PaintTheDesktop.app; sourceTree = BUILT_PRODUCTS_DIR; };
		01A213DD248EE94500B5EB9D /* PTDAppDelegate.h */ = {isa = PBXFileReference; lastKnownFileType = sourcecode.c.h; path = PTDAppDelegate.h; sourceTree = "<group>"; };
		01A213DE248EE94500B5EB9D /* PTDAppDelegate.m */ = {isa = PBXFileReference; lastKnownFileType = sourcecode.c.objc; path = PTDAppDelegate.m; sourceTree = "<group>"; };
		01A213E0248EE94600B5EB9D /* Assets.xcassets */ = {isa = PBXFileReference; lastKnownFileType = folder.assetcatalog; path = Assets.xcassets; sourceTree = "<group>"; };
		01A213E3248EE94600B5EB9D /* Base */ = {isa = PBXFileReference; lastKnownFileType = file.xib; name = Base; path = Base.lproj/PTDApp.xib; sourceTree = "<group>"; };
		01A213E5248EE94600B5EB9D /* Info.plist */ = {isa = PBXFileReference; lastKnownFileType = text.plist.xml; path = Info.plist; sourceTree = "<group>"; };
		01A213E6248EE94600B5EB9D /* main.m */ = {isa = PBXFileReference; lastKnownFileType = sourcecode.c.objc; path = main.m; sourceTree = "<group>"; };
		01A213EE248EE9F600B5EB9D /* PTDPaintWindow.h */ = {isa = PBXFileReference; lastKnownFileType = sourcecode.c.h; path = PTDPaintWindow.h; sourceTree = "<group>"; };
		01A213EF248EE9F600B5EB9D /* PTDPaintWindow.m */ = {isa = PBXFileReference; lastKnownFileType = sourcecode.c.objc; path = PTDPaintWindow.m; sourceTree = "<group>"; };
		01A213F0248EE9F600B5EB9D /* PTDPaintWindow.xib */ = {isa = PBXFileReference; lastKnownFileType = file.xib; path = PTDPaintWindow.xib; sourceTree = "<group>"; };
		01A213F3248EEA1D00B5EB9D /* PTDPaintView.h */ = {isa = PBXFileReference; lastKnownFileType = sourcecode.c.h; path = PTDPaintView.h; sourceTree = "<group>"; };
		01A213F4248EEA1D00B5EB9D /* PTDPaintView.m */ = {isa = PBXFileReference; lastKnownFileType = sourcecode.c.objc; path = PTDPaintView.m; sourceTree = "<group>"; };
		01A31E4625BB35CA002BA7D4 /* NSBezierPath+PTD.h */ = {isa = PBXFileReference; lastKnownFileType = sourcecode.c.h; path = "NSBezierPath+PTD.h"; sourceTree = "<group>"; };
		01A31E4725BB35CA002BA7D4 /* NSBezierPath+PTD.m */ = {isa = PBXFileReference; lastKnownFileType = sourcecode.c.objc; path = "NSBezierPath+PTD.m"; sourceTree = "<group>"; };
		01B63BA4249C2F3400D9DFBF /* PTDRingMenuRing.h */ = {isa = PBXFileReference; lastKnownFileType = sourcecode.c.h; path = PTDRingMenuRing.h; sourceTree = "<group>"; };
		01B63BA5249C2F3400D9DFBF /* PTDRingMenuRing.m */ = {isa = PBXFileReference; lastKnownFileType = sourcecode.c.objc; path = PTDRingMenuRing.m; sourceTree = "<group>"; };
		01C0D68A2492ED7100AECEAB /* NSScreen+PTD.h */ = {isa = PBXFileReference; lastKnownFileType = sourcecode.c.h; path = "NSScreen+PTD.h"; sourceTree = "<group>"; };
		01C0D68B2492ED7100AECEAB /* NSScreen+PTD.m */ = {isa = PBXFileReference; lastKnownFileType = sourcecode.c.objc; path = "NSScreen+PTD.m"; sourceTree = "<group>"; };
		01CFFD1624EB4F6D0093D6BA /* en */ = {isa = PBXFileReference; lastKnownFileType = text.plist.strings; name = en; path = en.lproj/PTDApp.strings; sourceTree = "<group>"; };
		01CFFD1A24EB50580093D6BA /* en */ = {isa = PBXFileReference; lastKnownFileType = text.plist.strings; name = en; path = en.lproj/Localizable.strings; sourceTree = "<group>"; };
		01D68A5625AB9D1A00536CD6 /* PTDSelectionTool.h */ = {isa = PBXFileReference; lastKnownFileType = sourcecode.c.h; path = PTDSelectionTool.h; sourceTree = "<group>"; };
		01D68A5725AB9D1A00536CD6 /* PTDSelectionTool.m */ = {isa = PBXFileReference; lastKnownFileType = sourcecode.c.objc; path = PTDSelectionTool.m; sourceTree = "<group>"; };
		01EE461D260BAD3400CF4CFF /* PTDPreferencesWindowController.h */ = {isa = PBXFileReference; lastKnownFileType = sourcecode.c.h; path = PTDPreferencesWindowController.h; sourceTree = "<group>"; };
		01EE461E260BAD3400CF4CFF /* PTDPreferencesWindowController.m */ = {isa = PBXFileReference; lastKnownFileType = sourcecode.c.objc; path = PTDPreferencesWindowController.m; sourceTree = "<group>"; };
		01EE461F260BAD3400CF4CFF /* PTDPreferencesWindow.xib */ = {isa = PBXFileReference; lastKnownFileType = file.xib; path = PTDPreferencesWindow.xib; sourceTree = "<group>"; };
		01EE4622260BE25F00CF4CFF /* PTDBrushColorCollectionViewItem.h */ = {isa = PBXFileReference; lastKnownFileType = sourcecode.c.h; path = PTDBrushColorCollectionViewItem.h; sourceTree = "<group>"; };
		01EE4623260BE25F00CF4CFF /* PTDBrushColorCollectionViewItem.m */ = {isa = PBXFileReference; lastKnownFileType = sourcecode.c.objc; path = PTDBrushColorCollectionViewItem.m; sourceTree = "<group>"; };
		01F0320D2634C6B10045B622 /* PTDPaintViewController.h */ = {isa = PBXFileReference; lastKnownFileType = sourcecode.c.h; path = PTDPaintViewController.h; sourceTree = "<group>"; };
		01F0320E2634C6B10045B622 /* PTDPaintViewController.m */ = {isa = PBXFileReference; lastKnownFileType = sourcecode.c.objc; path = PTDPaintViewController.m; sourceTree = "<group>"; };
		01F032102634EC810045B622 /* PTDLineTool.h */ = {isa = PBXFileReference; lastKnownFileType = sourcecode.c.h; path = PTDLineTool.h; sourceTree = "<group>"; };
		01F032112634EC810045B622 /* PTDLineTool.m */ = {isa = PBXFileReference; lastKnownFileType = sourcecode.c.objc; path = PTDLineTool.m; sourceTree = "<group>"; };
		F7023C1924C72D6E00B54623 /* NSWindow+PTD.h */ = {isa = PBXFileReference; lastKnownFileType = sourcecode.c.h; path = "NSWindow+PTD.h"; sourceTree = "<group>"; };
		F7023C1A24C72D6E00B54623 /* NSWindow+PTD.m */ = {isa = PBXFileReference; lastKnownFileType = sourcecode.c.objc; path = "NSWindow+PTD.m"; sourceTree = "<group>"; };
/* End PBXFileReference section */

/* Begin PBXFrameworksBuildPhase section */
		01A213D7248EE94500B5EB9D /* Frameworks */ = {
			isa = PBXFrameworksBuildPhase;
			buildActionMask = 2147483647;
			files = (
			);
			runOnlyForDeploymentPostprocessing = 0;
		};
/* End PBXFrameworksBuildPhase section */

/* Begin PBXGroup section */
		0146EB8124FB316200B3785C /* Products */ = {
			isa = PBXGroup;
			children = (
				0146EB9324FB316300B3785C /* Sparkle.framework */,
				0146EB9524FB316300B3785C /* Sparkle Test App.app */,
				0146EB9724FB316300B3785C /* Sparkle Unit Tests.xctest */,
				0146EB9924FB316300B3785C /* BinaryDelta */,
				0146EB9B24FB316300B3785C /* Autoupdate.app */,
				0146EB9D24FB316300B3785C /* UI Tests.xctest */,
				0146EB9F24FB316300B3785C /* fileop */,
				0146EBA124FB316300B3785C /* generate_appcast */,
				0146EBA324FB316300B3785C /* generate_keys */,
				0146EBA524FB316300B3785C /* sign_update */,
				0146EBA724FB316300B3785C /* libbsdiff.a */,
				0146EBA924FB316300B3785C /* libed25519.a */,
			);
			name = Products;
			sourceTree = "<group>";
		};
		0169E17B2607F524008F986B /* Utility Tools */ = {
			isa = PBXGroup;
			children = (
				016D36B8249064700086E96D /* PTDEraserTool.h */,
				016D36B9249064700086E96D /* PTDEraserTool.m */,
				016D36BE249068F40086E96D /* PTDResetTool.h */,
				016D36BF249068F40086E96D /* PTDResetTool.m */,
				01D68A5625AB9D1A00536CD6 /* PTDSelectionTool.h */,
				01D68A5725AB9D1A00536CD6 /* PTDSelectionTool.m */,
			);
			name = "Utility Tools";
			sourceTree = "<group>";
		};
		0169E17C2607F534008F986B /* Brush Tools */ = {
			isa = PBXGroup;
			children = (
				016D36B22490584E0086E96D /* PTDPencilTool.h */,
				016D36B32490584E0086E96D /* PTDPencilTool.m */,
				01F032102634EC810045B622 /* PTDLineTool.h */,
				01F032112634EC810045B622 /* PTDLineTool.m */,
				01642477249FF58D000955D8 /* PTDShapeTool.h */,
				01642476249FF58D000955D8 /* PTDShapeTool.m */,
				0169E17D2607F542008F986B /* Shape Tools */,
			);
			name = "Brush Tools";
			sourceTree = "<group>";
		};
		0169E17D2607F542008F986B /* Shape Tools */ = {
			isa = PBXGroup;
			children = (
				016AD9A92497A902004E3749 /* PTDRectangleTool.h */,
				016AD9AA2497A902004E3749 /* PTDRectangleTool.m */,
				01642479249FF71F000955D8 /* PTDOvalTool.h */,
				0164247A249FF71F000955D8 /* PTDOvalTool.m */,
				015A50CA24A13F4B0008AAB1 /* PTDRoundRectTool.h */,
				015A50CB24A13F4B0008AAB1 /* PTDRoundRectTool.m */,
			);
			name = "Shape Tools";
			sourceTree = "<group>";
		};
		016A928824993FC4006C9678 /* Ring Menu */ = {
			isa = PBXGroup;
			children = (
				0162BC8F249A0CAD00DFECC9 /* PTDRingMenu.h */,
				0162BC90249A0CAE00DFECC9 /* PTDRingMenu.m */,
				01B63BA4249C2F3400D9DFBF /* PTDRingMenuRing.h */,
				01B63BA5249C2F3400D9DFBF /* PTDRingMenuRing.m */,
				0162BC92249A0CC400DFECC9 /* PTDRingMenuItem.h */,
				0162BC93249A0CC400DFECC9 /* PTDRingMenuItem.m */,
				0162BC95249A0DDA00DFECC9 /* PTDRingMenuSpring.h */,
				0162BC96249A0DDA00DFECC9 /* PTDRingMenuSpring.m */,
				016A928924993FFD006C9678 /* PTDRingMenuWindow.h */,
				016A928A24993FFD006C9678 /* PTDRingMenuWindow.m */,
				016A928B24993FFD006C9678 /* PTDRingMenuWindow.xib */,
			);
			name = "Ring Menu";
			sourceTree = "<group>";
		};
		016AD99D249755ED004E3749 /* Tools */ = {
			isa = PBXGroup;
			children = (
				0169E1652607ACB6008F986B /* PTDToolOptions.h */,
				0169E1662607ACB6008F986B /* PTDToolOptions.m */,
				016D36B524905E280086E96D /* PTDToolManager.h */,
				016D36B624905E280086E96D /* PTDToolManager.m */,
				016AD9A6249790B3004E3749 /* PTDDrawingSurface.h */,
				016AD9A7249790B3004E3749 /* PTDDrawingSurface.m */,
				016D36BB249067300086E96D /* PTDTool.h */,
				016D36BC249067300086E96D /* PTDTool.m */,
				0169E1782607F4CF008F986B /* PTDBrushTool.h */,
				0169E1792607F4CF008F986B /* PTDBrushTool.m */,
				0169E17B2607F524008F986B /* Utility Tools */,
				0169E17C2607F534008F986B /* Brush Tools */,
			);
			name = Tools;
			sourceTree = "<group>";
		};
		016AD99E24975619004E3749 /* Utilities */ = {
			isa = PBXGroup;
			children = (
				01484B012632197300B0518F /* PTDUtils.h */,
				01C0D68A2492ED7100AECEAB /* NSScreen+PTD.h */,
				01C0D68B2492ED7100AECEAB /* NSScreen+PTD.m */,
				016AD9A324978132004E3749 /* NSView+PTD.h */,
				016AD9A424978132004E3749 /* NSView+PTD.m */,
				0162BC9E249A9BC000DFECC9 /* NSColor+PTD.h */,
				0162BC9F249A9BC000DFECC9 /* NSColor+PTD.m */,
				0167A55924A7F87700E08507 /* NSImage+PTD.h */,
				0167A55A24A7F87700E08507 /* NSImage+PTD.m */,
				018CB0C724AA421C002ABD80 /* NSNib+PTD.h */,
				018CB0C824AA421C002ABD80 /* NSNib+PTD.m */,
				0167A55624A7A02400E08507 /* NSGeometry+PTD.h */,
				013C9A01249AD17E0033120A /* PTDNSPanel.h */,
				013C9A02249AD17E0033120A /* PTDNSPanel.m */,
				F7023C1924C72D6E00B54623 /* NSWindow+PTD.h */,
				F7023C1A24C72D6E00B54623 /* NSWindow+PTD.m */,
				0177600D25BA340000317B4F /* PTDNoAnimeCALayer.h */,
				0177600E25BA340000317B4F /* PTDNoAnimeCALayer.m */,
				01A31E4625BB35CA002BA7D4 /* NSBezierPath+PTD.h */,
				01A31E4725BB35CA002BA7D4 /* NSBezierPath+PTD.m */,
				018E37612623C99E0009B7A4 /* PTDGraphics.h */,
				018E37622623C99E0009B7A4 /* PTDGraphics.m */,
				01484AE42631AC1A00B0518F /* PTDCollectionViewFlowLayout.h */,
				01484AE52631AC1A00B0518F /* PTDCollectionViewFlowLayout.m */,
			);
			name = Utilities;
			sourceTree = "<group>";
		};
		016AD99F2497564A004E3749 /* Paint Window */ = {
			isa = PBXGroup;
			children = (
				01A213EE248EE9F600B5EB9D /* PTDPaintWindow.h */,
				01A213EF248EE9F600B5EB9D /* PTDPaintWindow.m */,
				01A213F0248EE9F600B5EB9D /* PTDPaintWindow.xib */,
				01484B1326323E4800B0518F /* PTDScreenPaintWindow.h */,
				01484B1426323E4800B0518F /* PTDScreenPaintWindow.m */,
				01F0320D2634C6B10045B622 /* PTDPaintViewController.h */,
				01F0320E2634C6B10045B622 /* PTDPaintViewController.m */,
				01A213F3248EEA1D00B5EB9D /* PTDPaintView.h */,
				01A213F4248EEA1D00B5EB9D /* PTDPaintView.m */,
				011426B224968916005363E8 /* PTDOpenGLBufferedTexture.h */,
				011426B324968916005363E8 /* PTDOpenGLBufferedTexture.m */,
				016D36C124907BBB0086E96D /* PTDCursor.h */,
				016D36C224907BBB0086E96D /* PTDCursor.m */,
			);
			name = "Paint Window";
			sourceTree = "<group>";
		};
		01A213D1248EE94400B5EB9D = {
			isa = PBXGroup;
			children = (
				0146EB8024FB316200B3785C /* Sparkle.xcodeproj */,
				01A213DC248EE94500B5EB9D /* PaintTheDesktop */,
				01A213DB248EE94500B5EB9D /* Products */,
			);
			indentWidth = 2;
			sourceTree = "<group>";
			tabWidth = 2;
		};
		01A213DB248EE94500B5EB9D /* Products */ = {
			isa = PBXGroup;
			children = (
				01A213DA248EE94500B5EB9D /* PaintTheDesktop.app */,
			);
			name = Products;
			sourceTree = "<group>";
		};
		01A213DC248EE94500B5EB9D /* PaintTheDesktop */ = {
			isa = PBXGroup;
			children = (
				01A213DD248EE94500B5EB9D /* PTDAppDelegate.h */,
				01A213DE248EE94500B5EB9D /* PTDAppDelegate.m */,
				01A213E2248EE94600B5EB9D /* PTDApp.xib */,
				018CB0C224AA3C1B002ABD80 /* PTDScreenMenuItemView.h */,
				018CB0C324AA3C1B002ABD80 /* PTDScreenMenuItemView.m */,
				018CB0C524AA3CCB002ABD80 /* PTDScreenMenuItemView.xib */,
				01EE461C260BACD800CF4CFF /* Preferences */,
				016AD99F2497564A004E3749 /* Paint Window */,
				016A928824993FC4006C9678 /* Ring Menu */,
				016AD99D249755ED004E3749 /* Tools */,
				016AD99E24975619004E3749 /* Utilities */,
				01A213E6248EE94600B5EB9D /* main.m */,
				01A213E0248EE94600B5EB9D /* Assets.xcassets */,
				01CFFD1B24EB50580093D6BA /* Localizable.strings */,
				01A213E5248EE94600B5EB9D /* Info.plist */,
			);
			path = PaintTheDesktop;
			sourceTree = "<group>";
		};
		01EE461C260BACD800CF4CFF /* Preferences */ = {
			isa = PBXGroup;
			children = (
				01EE461D260BAD3400CF4CFF /* PTDPreferencesWindowController.h */,
				01EE461E260BAD3400CF4CFF /* PTDPreferencesWindowController.m */,
				01EE461F260BAD3400CF4CFF /* PTDPreferencesWindow.xib */,
				01484AFD263213E900B0518F /* PTDAbstractPrefsCollectionViewDelegate.h */,
				01484AFE263213EA00B0518F /* PTDAbstractPrefsCollectionViewDelegate.m */,
				019AB4862622571F008F85A7 /* PTDBrushColorPrefsCollectionViewDelegate.h */,
				019AB4872622571F008F85A7 /* PTDBrushColorPrefsCollectionViewDelegate.m */,
				01EE4622260BE25F00CF4CFF /* PTDBrushColorCollectionViewItem.h */,
				01EE4623260BE25F00CF4CFF /* PTDBrushColorCollectionViewItem.m */,
				01484B0226321F1800B0518F /* PTDAbstractSizePrefsCollectionViewDelegate.h */,
				01484B0326321F1800B0518F /* PTDAbstractSizePrefsCollectionViewDelegate.m */,
				01484B0526321F4900B0518F /* PTDAbstractSizeCollectionViewItem.h */,
				01484B0626321F4900B0518F /* PTDAbstractSizeCollectionViewItem.m */,
				01484B0E2632321100B0518F /* PTDSizeEditorPopover.h */,
				01484B0F2632321100B0518F /* PTDSizeEditorPopover.m */,
				01484B102632321100B0518F /* PTDSizeEditorPopover.xib */,
			);
			name = Preferences;
			sourceTree = "<group>";
		};
/* End PBXGroup section */

/* Begin PBXNativeTarget section */
		01A213D9248EE94500B5EB9D /* PaintTheDesktop */ = {
			isa = PBXNativeTarget;
			buildConfigurationList = 01A213EB248EE94600B5EB9D /* Build configuration list for PBXNativeTarget "PaintTheDesktop" */;
			buildPhases = (
				01A213D6248EE94500B5EB9D /* Sources */,
				01A213D7248EE94500B5EB9D /* Frameworks */,
				01A213D8248EE94500B5EB9D /* Resources */,
				0146EBAA24FB317B00B3785C /* Copy Bundle Frameworks */,
				01CFFD1424EB01F40093D6BA /* Write Build Number */,
			);
			buildRules = (
			);
			dependencies = (
			);
			name = PaintTheDesktop;
			productName = PaintTheDesktop;
			productReference = 01A213DA248EE94500B5EB9D /* PaintTheDesktop.app */;
			productType = "com.apple.product-type.application";
		};
/* End PBXNativeTarget section */

/* Begin PBXProject section */
		01A213D2248EE94400B5EB9D /* Project object */ = {
			isa = PBXProject;
			attributes = {
				CLASSPREFIX = PTD;
				LastUpgradeCheck = 1230;
				ORGANIZATIONNAME = danielecattaneo;
				TargetAttributes = {
					01A213D9248EE94500B5EB9D = {
						CreatedOnToolsVersion = 11.3.1;
					};
				};
			};
			buildConfigurationList = 01A213D5248EE94400B5EB9D /* Build configuration list for PBXProject "PaintTheDesktop" */;
			compatibilityVersion = "Xcode 9.3";
			developmentRegion = en;
			hasScannedForEncodings = 0;
			knownRegions = (
				en,
				Base,
			);
			mainGroup = 01A213D1248EE94400B5EB9D;
			productRefGroup = 01A213DB248EE94500B5EB9D /* Products */;
			projectDirPath = "";
			projectReferences = (
				{
					ProductGroup = 0146EB8124FB316200B3785C /* Products */;
					ProjectRef = 0146EB8024FB316200B3785C /* Sparkle.xcodeproj */;
				},
			);
			projectRoot = "";
			targets = (
				01A213D9248EE94500B5EB9D /* PaintTheDesktop */,
			);
		};
/* End PBXProject section */

/* Begin PBXReferenceProxy section */
		0146EB9324FB316300B3785C /* Sparkle.framework */ = {
			isa = PBXReferenceProxy;
			fileType = wrapper.framework;
			path = Sparkle.framework;
			remoteRef = 0146EB9224FB316300B3785C /* PBXContainerItemProxy */;
			sourceTree = BUILT_PRODUCTS_DIR;
		};
		0146EB9524FB316300B3785C /* Sparkle Test App.app */ = {
			isa = PBXReferenceProxy;
			fileType = wrapper.application;
			path = "Sparkle Test App.app";
			remoteRef = 0146EB9424FB316300B3785C /* PBXContainerItemProxy */;
			sourceTree = BUILT_PRODUCTS_DIR;
		};
		0146EB9724FB316300B3785C /* Sparkle Unit Tests.xctest */ = {
			isa = PBXReferenceProxy;
			fileType = wrapper.cfbundle;
			path = "Sparkle Unit Tests.xctest";
			remoteRef = 0146EB9624FB316300B3785C /* PBXContainerItemProxy */;
			sourceTree = BUILT_PRODUCTS_DIR;
		};
		0146EB9924FB316300B3785C /* BinaryDelta */ = {
			isa = PBXReferenceProxy;
			fileType = "compiled.mach-o.executable";
			path = BinaryDelta;
			remoteRef = 0146EB9824FB316300B3785C /* PBXContainerItemProxy */;
			sourceTree = BUILT_PRODUCTS_DIR;
		};
		0146EB9B24FB316300B3785C /* Autoupdate.app */ = {
			isa = PBXReferenceProxy;
			fileType = wrapper.application;
			path = Autoupdate.app;
			remoteRef = 0146EB9A24FB316300B3785C /* PBXContainerItemProxy */;
			sourceTree = BUILT_PRODUCTS_DIR;
		};
		0146EB9D24FB316300B3785C /* UI Tests.xctest */ = {
			isa = PBXReferenceProxy;
			fileType = wrapper.cfbundle;
			path = "UI Tests.xctest";
			remoteRef = 0146EB9C24FB316300B3785C /* PBXContainerItemProxy */;
			sourceTree = BUILT_PRODUCTS_DIR;
		};
		0146EB9F24FB316300B3785C /* fileop */ = {
			isa = PBXReferenceProxy;
			fileType = "compiled.mach-o.executable";
			path = fileop;
			remoteRef = 0146EB9E24FB316300B3785C /* PBXContainerItemProxy */;
			sourceTree = BUILT_PRODUCTS_DIR;
		};
		0146EBA124FB316300B3785C /* generate_appcast */ = {
			isa = PBXReferenceProxy;
			fileType = "compiled.mach-o.executable";
			path = generate_appcast;
			remoteRef = 0146EBA024FB316300B3785C /* PBXContainerItemProxy */;
			sourceTree = BUILT_PRODUCTS_DIR;
		};
		0146EBA324FB316300B3785C /* generate_keys */ = {
			isa = PBXReferenceProxy;
			fileType = "compiled.mach-o.executable";
			path = generate_keys;
			remoteRef = 0146EBA224FB316300B3785C /* PBXContainerItemProxy */;
			sourceTree = BUILT_PRODUCTS_DIR;
		};
		0146EBA524FB316300B3785C /* sign_update */ = {
			isa = PBXReferenceProxy;
			fileType = "compiled.mach-o.executable";
			path = sign_update;
			remoteRef = 0146EBA424FB316300B3785C /* PBXContainerItemProxy */;
			sourceTree = BUILT_PRODUCTS_DIR;
		};
		0146EBA724FB316300B3785C /* libbsdiff.a */ = {
			isa = PBXReferenceProxy;
			fileType = archive.ar;
			path = libbsdiff.a;
			remoteRef = 0146EBA624FB316300B3785C /* PBXContainerItemProxy */;
			sourceTree = BUILT_PRODUCTS_DIR;
		};
		0146EBA924FB316300B3785C /* libed25519.a */ = {
			isa = PBXReferenceProxy;
			fileType = archive.ar;
			path = libed25519.a;
			remoteRef = 0146EBA824FB316300B3785C /* PBXContainerItemProxy */;
			sourceTree = BUILT_PRODUCTS_DIR;
		};
/* End PBXReferenceProxy section */

/* Begin PBXResourcesBuildPhase section */
		01A213D8248EE94500B5EB9D /* Resources */ = {
			isa = PBXResourcesBuildPhase;
			buildActionMask = 2147483647;
			files = (
				018CB0C624AA3CCB002ABD80 /* PTDScreenMenuItemView.xib in Resources */,
				01EE4621260BAD3400CF4CFF /* PTDPreferencesWindow.xib in Resources */,
				01CFFD1924EB50580093D6BA /* Localizable.strings in Resources */,
				01A213E1248EE94600B5EB9D /* Assets.xcassets in Resources */,
				016A928D24993FFD006C9678 /* PTDRingMenuWindow.xib in Resources */,
				01A213E4248EE94600B5EB9D /* PTDApp.xib in Resources */,
				01484B122632321100B0518F /* PTDSizeEditorPopover.xib in Resources */,
				01A213F2248EE9F600B5EB9D /* PTDPaintWindow.xib in Resources */,
			);
			runOnlyForDeploymentPostprocessing = 0;
		};
/* End PBXResourcesBuildPhase section */

/* Begin PBXShellScriptBuildPhase section */
		01CFFD1424EB01F40093D6BA /* Write Build Number */ = {
			isa = PBXShellScriptBuildPhase;
			buildActionMask = 2147483647;
			files = (
			);
			inputFileListPaths = (
			);
			inputPaths = (
				"$(TARGET_BUILD_DIR)/$(INFOPLIST_PATH)",
			);
			name = "Write Build Number";
			outputFileListPaths = (
			);
			outputPaths = (
			);
			runOnlyForDeploymentPostprocessing = 0;
			shellPath = /bin/sh;
			shellScript = "VERNO=$(git rev-list HEAD --count)\nif [ $? -ne 0 ]; then\n  VERNO='1';\nfi\necho $VERNO\n/usr/libexec/PlistBuddy -c \"Set :CFBundleVersion $VERNO\" \"$TARGET_BUILD_DIR/$INFOPLIST_PATH\"\n";
		};
/* End PBXShellScriptBuildPhase section */

/* Begin PBXSourcesBuildPhase section */
		01A213D6248EE94500B5EB9D /* Sources */ = {
			isa = PBXSourcesBuildPhase;
			buildActionMask = 2147483647;
			files = (
				016D36C0249068F40086E96D /* PTDResetTool.m in Sources */,
				018E37632623C99E0009B7A4 /* PTDGraphics.m in Sources */,
				0164247B249FF71F000955D8 /* PTDOvalTool.m in Sources */,
				019AB4882622571F008F85A7 /* PTDBrushColorPrefsCollectionViewDelegate.m in Sources */,
				0162BC97249A0DDA00DFECC9 /* PTDRingMenuSpring.m in Sources */,
				01A213F5248EEA1D00B5EB9D /* PTDPaintView.m in Sources */,
				016AD9AB2497A902004E3749 /* PTDRectangleTool.m in Sources */,
				016AD9A524978132004E3749 /* NSView+PTD.m in Sources */,
				016A928C24993FFD006C9678 /* PTDRingMenuWindow.m in Sources */,
				0162BCA0249A9BC000DFECC9 /* NSColor+PTD.m in Sources */,
				01F0320F2634C6B10045B622 /* PTDPaintViewController.m in Sources */,
				F7023C1B24C72D6E00B54623 /* NSWindow+PTD.m in Sources */,
				011426B424968916005363E8 /* PTDOpenGLBufferedTexture.m in Sources */,
				016D36C324907BBB0086E96D /* PTDCursor.m in Sources */,
				0169E17A2607F4CF008F986B /* PTDBrushTool.m in Sources */,
				0162BC94249A0CC400DFECC9 /* PTDRingMenuItem.m in Sources */,
				01C0D68C2492ED7100AECEAB /* NSScreen+PTD.m in Sources */,
				018CB0C424AA3C1B002ABD80 /* PTDScreenMenuItemView.m in Sources */,
				01484B1526323E4800B0518F /* PTDScreenPaintWindow.m in Sources */,
				0167A55B24A7F87700E08507 /* NSImage+PTD.m in Sources */,
				018CB0C924AA421C002ABD80 /* NSNib+PTD.m in Sources */,
				01EE4624260BE25F00CF4CFF /* PTDBrushColorCollectionViewItem.m in Sources */,
				01B63BA6249C2F3400D9DFBF /* PTDRingMenuRing.m in Sources */,
				0162BC91249A0CAE00DFECC9 /* PTDRingMenu.m in Sources */,
				01F032122634EC810045B622 /* PTDLineTool.m in Sources */,
				01484AFF263213EA00B0518F /* PTDAbstractPrefsCollectionViewDelegate.m in Sources */,
				016AD9A8249790B3004E3749 /* PTDDrawingSurface.m in Sources */,
				016D36B42490584E0086E96D /* PTDPencilTool.m in Sources */,
				015A50CC24A13F4B0008AAB1 /* PTDRoundRectTool.m in Sources */,
				01484AE62631AC1A00B0518F /* PTDCollectionViewFlowLayout.m in Sources */,
				01484B112632321100B0518F /* PTDSizeEditorPopover.m in Sources */,
				01642478249FF58D000955D8 /* PTDShapeTool.m in Sources */,
				016D36BD249067300086E96D /* PTDTool.m in Sources */,
				01D68A5825AB9D1A00536CD6 /* PTDSelectionTool.m in Sources */,
				01A213E7248EE94600B5EB9D /* main.m in Sources */,
				013C9A03249AD17E0033120A /* PTDNSPanel.m in Sources */,
				01484B0726321F4900B0518F /* PTDAbstractSizeCollectionViewItem.m in Sources */,
				01484B0426321F1800B0518F /* PTDAbstractSizePrefsCollectionViewDelegate.m in Sources */,
				01A213DF248EE94500B5EB9D /* PTDAppDelegate.m in Sources */,
				01A31E4825BB35CA002BA7D4 /* NSBezierPath+PTD.m in Sources */,
				016D36B724905E280086E96D /* PTDToolManager.m in Sources */,
				01A213F1248EE9F600B5EB9D /* PTDPaintWindow.m in Sources */,
				0177600F25BA340000317B4F /* PTDNoAnimeCALayer.m in Sources */,
				016D36BA249064700086E96D /* PTDEraserTool.m in Sources */,
				01EE4620260BAD3400CF4CFF /* PTDPreferencesWindowController.m in Sources */,
				0169E1672607ACB6008F986B /* PTDToolOptions.m in Sources */,
			);
			runOnlyForDeploymentPostprocessing = 0;
		};
/* End PBXSourcesBuildPhase section */

/* Begin PBXVariantGroup section */
		01A213E2248EE94600B5EB9D /* PTDApp.xib */ = {
			isa = PBXVariantGroup;
			children = (
				01A213E3248EE94600B5EB9D /* Base */,
				01CFFD1624EB4F6D0093D6BA /* en */,
			);
			name = PTDApp.xib;
			sourceTree = "<group>";
		};
		01CFFD1B24EB50580093D6BA /* Localizable.strings */ = {
			isa = PBXVariantGroup;
			children = (
				01CFFD1A24EB50580093D6BA /* en */,
			);
			name = Localizable.strings;
			sourceTree = "<group>";
		};
/* End PBXVariantGroup section */

/* Begin XCBuildConfiguration section */
		01A213E9248EE94600B5EB9D /* Debug */ = {
			isa = XCBuildConfiguration;
			buildSettings = {
				ALWAYS_SEARCH_USER_PATHS = NO;
				CLANG_ANALYZER_NONNULL = YES;
				CLANG_ANALYZER_NUMBER_OBJECT_CONVERSION = YES_AGGRESSIVE;
				CLANG_CXX_LANGUAGE_STANDARD = "gnu++14";
				CLANG_CXX_LIBRARY = "libc++";
				CLANG_ENABLE_MODULES = YES;
				CLANG_ENABLE_OBJC_ARC = YES;
				CLANG_ENABLE_OBJC_WEAK = YES;
				CLANG_WARN_BLOCK_CAPTURE_AUTORELEASING = YES;
				CLANG_WARN_BOOL_CONVERSION = YES;
				CLANG_WARN_COMMA = YES;
				CLANG_WARN_CONSTANT_CONVERSION = YES;
				CLANG_WARN_DEPRECATED_OBJC_IMPLEMENTATIONS = YES;
				CLANG_WARN_DIRECT_OBJC_ISA_USAGE = YES_ERROR;
				CLANG_WARN_DOCUMENTATION_COMMENTS = YES;
				CLANG_WARN_EMPTY_BODY = YES;
				CLANG_WARN_ENUM_CONVERSION = YES;
				CLANG_WARN_INFINITE_RECURSION = YES;
				CLANG_WARN_INT_CONVERSION = YES;
				CLANG_WARN_NON_LITERAL_NULL_CONVERSION = YES;
				CLANG_WARN_OBJC_IMPLICIT_RETAIN_SELF = YES;
				CLANG_WARN_OBJC_LITERAL_CONVERSION = YES;
				CLANG_WARN_OBJC_ROOT_CLASS = YES_ERROR;
				CLANG_WARN_QUOTED_INCLUDE_IN_FRAMEWORK_HEADER = YES;
				CLANG_WARN_RANGE_LOOP_ANALYSIS = YES;
				CLANG_WARN_STRICT_PROTOTYPES = YES;
				CLANG_WARN_SUSPICIOUS_MOVE = YES;
				CLANG_WARN_UNGUARDED_AVAILABILITY = YES_AGGRESSIVE;
				CLANG_WARN_UNREACHABLE_CODE = YES;
				CLANG_WARN__DUPLICATE_METHOD_MATCH = YES;
				COPY_PHASE_STRIP = NO;
				DEBUG_INFORMATION_FORMAT = dwarf;
				ENABLE_STRICT_OBJC_MSGSEND = YES;
				ENABLE_TESTABILITY = YES;
				GCC_C_LANGUAGE_STANDARD = gnu11;
				GCC_DYNAMIC_NO_PIC = NO;
				GCC_NO_COMMON_BLOCKS = YES;
				GCC_OPTIMIZATION_LEVEL = 0;
				GCC_PREPROCESSOR_DEFINITIONS = (
					"DEBUG=1",
					"$(inherited)",
				);
				GCC_WARN_64_TO_32_BIT_CONVERSION = YES;
				GCC_WARN_ABOUT_RETURN_TYPE = YES_ERROR;
				GCC_WARN_UNDECLARED_SELECTOR = YES;
				GCC_WARN_UNINITIALIZED_AUTOS = YES_AGGRESSIVE;
				GCC_WARN_UNUSED_FUNCTION = YES;
				GCC_WARN_UNUSED_VARIABLE = YES;
				MACOSX_DEPLOYMENT_TARGET = 10.14;
				MTL_ENABLE_DEBUG_INFO = INCLUDE_SOURCE;
				MTL_FAST_MATH = YES;
				ONLY_ACTIVE_ARCH = YES;
				SDKROOT = macosx;
			};
			name = Debug;
		};
		01A213EA248EE94600B5EB9D /* Release */ = {
			isa = XCBuildConfiguration;
			buildSettings = {
				ALWAYS_SEARCH_USER_PATHS = NO;
				CLANG_ANALYZER_NONNULL = YES;
				CLANG_ANALYZER_NUMBER_OBJECT_CONVERSION = YES_AGGRESSIVE;
				CLANG_CXX_LANGUAGE_STANDARD = "gnu++14";
				CLANG_CXX_LIBRARY = "libc++";
				CLANG_ENABLE_MODULES = YES;
				CLANG_ENABLE_OBJC_ARC = YES;
				CLANG_ENABLE_OBJC_WEAK = YES;
				CLANG_WARN_BLOCK_CAPTURE_AUTORELEASING = YES;
				CLANG_WARN_BOOL_CONVERSION = YES;
				CLANG_WARN_COMMA = YES;
				CLANG_WARN_CONSTANT_CONVERSION = YES;
				CLANG_WARN_DEPRECATED_OBJC_IMPLEMENTATIONS = YES;
				CLANG_WARN_DIRECT_OBJC_ISA_USAGE = YES_ERROR;
				CLANG_WARN_DOCUMENTATION_COMMENTS = YES;
				CLANG_WARN_EMPTY_BODY = YES;
				CLANG_WARN_ENUM_CONVERSION = YES;
				CLANG_WARN_INFINITE_RECURSION = YES;
				CLANG_WARN_INT_CONVERSION = YES;
				CLANG_WARN_NON_LITERAL_NULL_CONVERSION = YES;
				CLANG_WARN_OBJC_IMPLICIT_RETAIN_SELF = YES;
				CLANG_WARN_OBJC_LITERAL_CONVERSION = YES;
				CLANG_WARN_OBJC_ROOT_CLASS = YES_ERROR;
				CLANG_WARN_QUOTED_INCLUDE_IN_FRAMEWORK_HEADER = YES;
				CLANG_WARN_RANGE_LOOP_ANALYSIS = YES;
				CLANG_WARN_STRICT_PROTOTYPES = YES;
				CLANG_WARN_SUSPICIOUS_MOVE = YES;
				CLANG_WARN_UNGUARDED_AVAILABILITY = YES_AGGRESSIVE;
				CLANG_WARN_UNREACHABLE_CODE = YES;
				CLANG_WARN__DUPLICATE_METHOD_MATCH = YES;
				COPY_PHASE_STRIP = NO;
				DEBUG_INFORMATION_FORMAT = "dwarf-with-dsym";
				ENABLE_NS_ASSERTIONS = NO;
				ENABLE_STRICT_OBJC_MSGSEND = YES;
				GCC_C_LANGUAGE_STANDARD = gnu11;
				GCC_NO_COMMON_BLOCKS = YES;
				GCC_WARN_64_TO_32_BIT_CONVERSION = YES;
				GCC_WARN_ABOUT_RETURN_TYPE = YES_ERROR;
				GCC_WARN_UNDECLARED_SELECTOR = YES;
				GCC_WARN_UNINITIALIZED_AUTOS = YES_AGGRESSIVE;
				GCC_WARN_UNUSED_FUNCTION = YES;
				GCC_WARN_UNUSED_VARIABLE = YES;
				MACOSX_DEPLOYMENT_TARGET = 10.14;
				MTL_ENABLE_DEBUG_INFO = NO;
				MTL_FAST_MATH = YES;
				SDKROOT = macosx;
			};
			name = Release;
		};
		01A213EC248EE94600B5EB9D /* Debug */ = {
			isa = XCBuildConfiguration;
			buildSettings = {
				ASSETCATALOG_COMPILER_APPICON_NAME = AppIcon;
				CODE_SIGN_IDENTITY = "-";
				CODE_SIGN_STYLE = Manual;
				COMBINE_HIDPI_IMAGES = YES;
				DEVELOPMENT_TEAM = "";
				INFOPLIST_FILE = PaintTheDesktop/Info.plist;
				LD_RUNPATH_SEARCH_PATHS = (
					"$(inherited)",
					"@executable_path/../Frameworks",
				);
				MACOSX_DEPLOYMENT_TARGET = 10.13.4;
				MARKETING_VERSION = 1.0.0;
				PRODUCT_BUNDLE_IDENTIFIER = com.danielecattaneo.PaintTheDesktop;
				PRODUCT_NAME = "$(TARGET_NAME)";
				PROVISIONING_PROFILE_SPECIFIER = "";
			};
			name = Debug;
		};
		01A213ED248EE94600B5EB9D /* Release */ = {
			isa = XCBuildConfiguration;
			buildSettings = {
				ASSETCATALOG_COMPILER_APPICON_NAME = AppIcon;
				CODE_SIGN_IDENTITY = "-";
				CODE_SIGN_STYLE = Manual;
				COMBINE_HIDPI_IMAGES = YES;
				DEVELOPMENT_TEAM = "";
				INFOPLIST_FILE = PaintTheDesktop/Info.plist;
				LD_RUNPATH_SEARCH_PATHS = (
					"$(inherited)",
					"@executable_path/../Frameworks",
				);
				MACOSX_DEPLOYMENT_TARGET = 10.13.4;
				MARKETING_VERSION = 1.0.0;
				PRODUCT_BUNDLE_IDENTIFIER = com.danielecattaneo.PaintTheDesktop;
				PRODUCT_NAME = "$(TARGET_NAME)";
				PROVISIONING_PROFILE_SPECIFIER = "";
			};
			name = Release;
		};
/* End XCBuildConfiguration section */

/* Begin XCConfigurationList section */
		01A213D5248EE94400B5EB9D /* Build configuration list for PBXProject "PaintTheDesktop" */ = {
			isa = XCConfigurationList;
			buildConfigurations = (
				01A213E9248EE94600B5EB9D /* Debug */,
				01A213EA248EE94600B5EB9D /* Release */,
			);
			defaultConfigurationIsVisible = 0;
			defaultConfigurationName = Release;
		};
		01A213EB248EE94600B5EB9D /* Build configuration list for PBXNativeTarget "PaintTheDesktop" */ = {
			isa = XCConfigurationList;
			buildConfigurations = (
				01A213EC248EE94600B5EB9D /* Debug */,
				01A213ED248EE94600B5EB9D /* Release */,
			);
			defaultConfigurationIsVisible = 0;
			defaultConfigurationName = Release;
		};
/* End XCConfigurationList section */
	};
	rootObject = 01A213D2248EE94400B5EB9D /* Project object */;
}
