// !$*UTF8*$!
{
	archiveVersion = 1;
	classes = {
	};
	objectVersion = 54;
	objects = {

/* Begin PBXBuildFile section */
		0133BA9B2780B997004A3E2E /* Sparkle in Frameworks */ = {isa = PBXBuildFile; productRef = 0133BA9A2780B997004A3E2E /* Sparkle */; };
		01484AFF263213EA00B0518F /* PTDAbstractPrefsCollectionViewDelegate.m in Sources */ = {isa = PBXBuildFile; fileRef = 01484AFE263213EA00B0518F /* PTDAbstractPrefsCollectionViewDelegate.m */; };
		01484B0426321F1800B0518F /* PTDAbstractSizePrefsCollectionViewDelegate.m in Sources */ = {isa = PBXBuildFile; fileRef = 01484B0326321F1800B0518F /* PTDAbstractSizePrefsCollectionViewDelegate.m */; };
		01484B0726321F4900B0518F /* PTDAbstractSizeCollectionViewItem.m in Sources */ = {isa = PBXBuildFile; fileRef = 01484B0626321F4900B0518F /* PTDAbstractSizeCollectionViewItem.m */; };
		01484B112632321100B0518F /* PTDSizeEditorPopover.m in Sources */ = {isa = PBXBuildFile; fileRef = 01484B0F2632321100B0518F /* PTDSizeEditorPopover.m */; };
		01484B122632321100B0518F /* PTDSizeEditorPopover.xib in Resources */ = {isa = PBXBuildFile; fileRef = 01484B102632321100B0518F /* PTDSizeEditorPopover.xib */; };
		0157B8FA286A5DE4009F5D74 /* Assets.xcassets in Resources */ = {isa = PBXBuildFile; fileRef = 0157B8F9286A5DE4009F5D74 /* Assets.xcassets */; };
		016A928D24993FFD006C9678 /* PTDRingMenuWindow.xib in Resources */ = {isa = PBXBuildFile; fileRef = 016A928B24993FFD006C9678 /* PTDRingMenuWindow.xib */; };
		018CB0C624AA3CCB002ABD80 /* PTDThumbnailMenuItemView.xib in Resources */ = {isa = PBXBuildFile; fileRef = 018CB0C524AA3CCB002ABD80 /* PTDThumbnailMenuItemView.xib */; };
		019AB4882622571F008F85A7 /* PTDBrushColorPrefsCollectionViewDelegate.m in Sources */ = {isa = PBXBuildFile; fileRef = 019AB4872622571F008F85A7 /* PTDBrushColorPrefsCollectionViewDelegate.m */; };
		01A213DF248EE94500B5EB9D /* PTDAppDelegate.m in Sources */ = {isa = PBXBuildFile; fileRef = 01A213DE248EE94500B5EB9D /* PTDAppDelegate.m */; };
		01A213E1248EE94600B5EB9D /* Assets.xcassets in Resources */ = {isa = PBXBuildFile; fileRef = 01A213E0248EE94600B5EB9D /* Assets.xcassets */; };
		01A213E4248EE94600B5EB9D /* PTDApp.xib in Resources */ = {isa = PBXBuildFile; fileRef = 01A213E2248EE94600B5EB9D /* PTDApp.xib */; };
		01A213E7248EE94600B5EB9D /* main.m in Sources */ = {isa = PBXBuildFile; fileRef = 01A213E6248EE94600B5EB9D /* main.m */; };
		01B498BA286A55AC0000EA4E /* PTDCommon.h in Headers */ = {isa = PBXBuildFile; fileRef = 01B498B9286A55AC0000EA4E /* PTDCommon.h */; settings = {ATTRIBUTES = (Public, ); }; };
		01B498BD286A55AC0000EA4E /* PTDCommon.framework in Frameworks */ = {isa = PBXBuildFile; fileRef = 01B498B7286A55AC0000EA4E /* PTDCommon.framework */; };
		01B498BE286A55AC0000EA4E /* PTDCommon.framework in Copy Bundle Frameworks */ = {isa = PBXBuildFile; fileRef = 01B498B7286A55AC0000EA4E /* PTDCommon.framework */; settings = {ATTRIBUTES = (CodeSignOnCopy, RemoveHeadersOnCopy, ); }; };
		01B498E3286A55FA0000EA4E /* NSScreen+PTD.m in Sources */ = {isa = PBXBuildFile; fileRef = 01C0D68B2492ED7100AECEAB /* NSScreen+PTD.m */; };
		01B498E4286A55FA0000EA4E /* NSColor+PTD.h in Headers */ = {isa = PBXBuildFile; fileRef = 0162BC9E249A9BC000DFECC9 /* NSColor+PTD.h */; };
		01B498E5286A55FA0000EA4E /* PTDGraphics.m in Sources */ = {isa = PBXBuildFile; fileRef = 018E37622623C99E0009B7A4 /* PTDGraphics.m */; };
		01B498E6286A55FA0000EA4E /* NSTextView+PTD.m in Sources */ = {isa = PBXBuildFile; fileRef = 01E7E738277E2DF500F02DBA /* NSTextView+PTD.m */; };
		01B498E7286A55FA0000EA4E /* NSView+PTD.m in Sources */ = {isa = PBXBuildFile; fileRef = 016AD9A424978132004E3749 /* NSView+PTD.m */; };
		01B498E8286A55FA0000EA4E /* NSWindow+PTD.h in Headers */ = {isa = PBXBuildFile; fileRef = F7023C1924C72D6E00B54623 /* NSWindow+PTD.h */; };
		01B498E9286A55FA0000EA4E /* PTDUtils.m in Sources */ = {isa = PBXBuildFile; fileRef = 01B7AF5F2643129200A3FF31 /* PTDUtils.m */; };
		01B498EA286A55FA0000EA4E /* NSScreen+PTD.h in Headers */ = {isa = PBXBuildFile; fileRef = 01C0D68A2492ED7100AECEAB /* NSScreen+PTD.h */; };
		01B498EB286A55FA0000EA4E /* NSColor+PTD.m in Sources */ = {isa = PBXBuildFile; fileRef = 0162BC9F249A9BC000DFECC9 /* NSColor+PTD.m */; };
		01B498EC286A55FA0000EA4E /* NSWindow+PTD.m in Sources */ = {isa = PBXBuildFile; fileRef = F7023C1A24C72D6E00B54623 /* NSWindow+PTD.m */; };
		01B498ED286A55FA0000EA4E /* NSGeometry+PTD.h in Headers */ = {isa = PBXBuildFile; fileRef = 0167A55624A7A02400E08507 /* NSGeometry+PTD.h */; };
		01B498EE286A55FA0000EA4E /* NSImage+PTD.m in Sources */ = {isa = PBXBuildFile; fileRef = 0167A55A24A7F87700E08507 /* NSImage+PTD.m */; };
		01B498EF286A55FA0000EA4E /* PTDNoAnimeCALayer.m in Sources */ = {isa = PBXBuildFile; fileRef = 0177600E25BA340000317B4F /* PTDNoAnimeCALayer.m */; };
		01B498F0286A55FA0000EA4E /* PTDCollectionViewFlowLayout.m in Sources */ = {isa = PBXBuildFile; fileRef = 01484AE52631AC1A00B0518F /* PTDCollectionViewFlowLayout.m */; };
		01B498F1286A55FA0000EA4E /* NSMenu+PTD.m in Sources */ = {isa = PBXBuildFile; fileRef = 013D2ED9272B5A2D008F92BC /* NSMenu+PTD.m */; };
		01B498F2286A55FA0000EA4E /* NSImage+PTD.h in Headers */ = {isa = PBXBuildFile; fileRef = 0167A55924A7F87700E08507 /* NSImage+PTD.h */; };
		01B498F3286A55FA0000EA4E /* NSTextView+PTD.h in Headers */ = {isa = PBXBuildFile; fileRef = 01E7E737277E2DF500F02DBA /* NSTextView+PTD.h */; };
		01B498F4286A55FA0000EA4E /* NSAffineTransform+PTD.m in Sources */ = {isa = PBXBuildFile; fileRef = 01B7AF5D2642E10100A3FF31 /* NSAffineTransform+PTD.m */; };
		01B498F5286A55FA0000EA4E /* PTDUtils.h in Headers */ = {isa = PBXBuildFile; fileRef = 01484B012632197300B0518F /* PTDUtils.h */; };
		01B498F6286A55FA0000EA4E /* PTDNSPanel.h in Headers */ = {isa = PBXBuildFile; fileRef = 013C9A01249AD17E0033120A /* PTDNSPanel.h */; };
		01B498F7286A55FA0000EA4E /* NSView+PTD.h in Headers */ = {isa = PBXBuildFile; fileRef = 016AD9A324978132004E3749 /* NSView+PTD.h */; };
		01B498F8286A55FA0000EA4E /* NSNib+PTD.h in Headers */ = {isa = PBXBuildFile; fileRef = 018CB0C724AA421C002ABD80 /* NSNib+PTD.h */; };
		01B498F9286A55FA0000EA4E /* NSMenu+PTD.h in Headers */ = {isa = PBXBuildFile; fileRef = 013D2ED8272B5A2D008F92BC /* NSMenu+PTD.h */; };
		01B498FA286A55FA0000EA4E /* PTDCollectionViewFlowLayout.h in Headers */ = {isa = PBXBuildFile; fileRef = 01484AE42631AC1A00B0518F /* PTDCollectionViewFlowLayout.h */; };
		01B498FB286A55FA0000EA4E /* NSNib+PTD.m in Sources */ = {isa = PBXBuildFile; fileRef = 018CB0C824AA421C002ABD80 /* NSNib+PTD.m */; };
		01B498FC286A55FA0000EA4E /* NSBezierPath+PTD.h in Headers */ = {isa = PBXBuildFile; fileRef = 01A31E4625BB35CA002BA7D4 /* NSBezierPath+PTD.h */; };
		01B498FD286A55FA0000EA4E /* PTDNSPanel.m in Sources */ = {isa = PBXBuildFile; fileRef = 013C9A02249AD17E0033120A /* PTDNSPanel.m */; };
		01B498FE286A55FA0000EA4E /* NSBezierPath+PTD.m in Sources */ = {isa = PBXBuildFile; fileRef = 01A31E4725BB35CA002BA7D4 /* NSBezierPath+PTD.m */; };
		01B498FF286A55FA0000EA4E /* PTDGraphics.h in Headers */ = {isa = PBXBuildFile; fileRef = 018E37612623C99E0009B7A4 /* PTDGraphics.h */; };
		01B49900286A55FA0000EA4E /* PTDNoAnimeCALayer.h in Headers */ = {isa = PBXBuildFile; fileRef = 0177600D25BA340000317B4F /* PTDNoAnimeCALayer.h */; };
		01B49901286A55FA0000EA4E /* NSAffineTransform+PTD.h in Headers */ = {isa = PBXBuildFile; fileRef = 01B7AF5C2642E10100A3FF31 /* NSAffineTransform+PTD.h */; };
		01B49903286A56A80000EA4E /* PTDBrushTool.m in Sources */ = {isa = PBXBuildFile; fileRef = 0169E1792607F4CF008F986B /* PTDBrushTool.m */; };
		01B49904286A56A80000EA4E /* PTDToolManager.h in Headers */ = {isa = PBXBuildFile; fileRef = 016D36B524905E280086E96D /* PTDToolManager.h */; };
		01B49905286A56A80000EA4E /* PTDToolOptions.m in Sources */ = {isa = PBXBuildFile; fileRef = 0169E1662607ACB6008F986B /* PTDToolOptions.m */; };
		01B49906286A56A80000EA4E /* PTDTextTool.m in Sources */ = {isa = PBXBuildFile; fileRef = 01E7E725277E0B9B00F02DBA /* PTDTextTool.m */; };
		01B49907286A56A80000EA4E /* PTDDrawingSurface.h in Headers */ = {isa = PBXBuildFile; fileRef = 016AD9A6249790B3004E3749 /* PTDDrawingSurface.h */; };
		01B49908286A56A80000EA4E /* PTDTool.h in Headers */ = {isa = PBXBuildFile; fileRef = 016D36BB249067300086E96D /* PTDTool.h */; };
		01B49909286A56A80000EA4E /* PTDToolManager.m in Sources */ = {isa = PBXBuildFile; fileRef = 016D36B624905E280086E96D /* PTDToolManager.m */; };
		01B4990A286A56A80000EA4E /* PTDTool.m in Sources */ = {isa = PBXBuildFile; fileRef = 016D36BC249067300086E96D /* PTDTool.m */; };
		01B4990B286A56A80000EA4E /* PTDToolOptions.h in Headers */ = {isa = PBXBuildFile; fileRef = 0169E1652607ACB6008F986B /* PTDToolOptions.h */; };
		01B4990C286A56A80000EA4E /* PTDTextTool.h in Headers */ = {isa = PBXBuildFile; fileRef = 01E7E724277E0B9B00F02DBA /* PTDTextTool.h */; };
		01B4990D286A56A80000EA4E /* PTDDrawingSurface.m in Sources */ = {isa = PBXBuildFile; fileRef = 016AD9A7249790B3004E3749 /* PTDDrawingSurface.m */; };
		01B4990E286A56A80000EA4E /* PTDBrushTool.h in Headers */ = {isa = PBXBuildFile; fileRef = 0169E1782607F4CF008F986B /* PTDBrushTool.h */; };
		01B49910286A56CC0000EA4E /* PTDSelectionTool.h in Headers */ = {isa = PBXBuildFile; fileRef = 01D68A5625AB9D1A00536CD6 /* PTDSelectionTool.h */; };
		01B49911286A56CC0000EA4E /* PTDEraserTool.h in Headers */ = {isa = PBXBuildFile; fileRef = 016D36B8249064700086E96D /* PTDEraserTool.h */; };
		01B49912286A56CC0000EA4E /* PTDResetTool.h in Headers */ = {isa = PBXBuildFile; fileRef = 016D36BE249068F40086E96D /* PTDResetTool.h */; };
		01B49913286A56CC0000EA4E /* PTDResetTool.m in Sources */ = {isa = PBXBuildFile; fileRef = 016D36BF249068F40086E96D /* PTDResetTool.m */; };
		01B49914286A56CC0000EA4E /* PTDEraserTool.m in Sources */ = {isa = PBXBuildFile; fileRef = 016D36B9249064700086E96D /* PTDEraserTool.m */; };
		01B49915286A56CC0000EA4E /* PTDSelectionTool.m in Sources */ = {isa = PBXBuildFile; fileRef = 01D68A5725AB9D1A00536CD6 /* PTDSelectionTool.m */; };
		01B49917286A56EC0000EA4E /* PTDShapeTool.m in Sources */ = {isa = PBXBuildFile; fileRef = 01642476249FF58D000955D8 /* PTDShapeTool.m */; };
		01B49918286A56EC0000EA4E /* PTDShapeTool.h in Headers */ = {isa = PBXBuildFile; fileRef = 01642477249FF58D000955D8 /* PTDShapeTool.h */; };
		01B49919286A56EC0000EA4E /* PTDPencilTool.m in Sources */ = {isa = PBXBuildFile; fileRef = 016D36B32490584E0086E96D /* PTDPencilTool.m */; };
		01B4991A286A56EC0000EA4E /* PTDLineTool.m in Sources */ = {isa = PBXBuildFile; fileRef = 01F032112634EC810045B622 /* PTDLineTool.m */; };
		01B4991B286A56EC0000EA4E /* PTDPencilTool.h in Headers */ = {isa = PBXBuildFile; fileRef = 016D36B22490584E0086E96D /* PTDPencilTool.h */; };
		01B4991C286A56EC0000EA4E /* PTDLineTool.h in Headers */ = {isa = PBXBuildFile; fileRef = 01F032102634EC810045B622 /* PTDLineTool.h */; };
		01B4991E286A57020000EA4E /* PTDRectangleTool.m in Sources */ = {isa = PBXBuildFile; fileRef = 016AD9AA2497A902004E3749 /* PTDRectangleTool.m */; };
		01B4991F286A57020000EA4E /* PTDOvalTool.h in Headers */ = {isa = PBXBuildFile; fileRef = 01642479249FF71F000955D8 /* PTDOvalTool.h */; };
		01B49920286A57020000EA4E /* PTDRectangleTool.h in Headers */ = {isa = PBXBuildFile; fileRef = 016AD9A92497A902004E3749 /* PTDRectangleTool.h */; };
		01B49921286A57020000EA4E /* PTDOvalTool.m in Sources */ = {isa = PBXBuildFile; fileRef = 0164247A249FF71F000955D8 /* PTDOvalTool.m */; };
		01B49922286A57020000EA4E /* PTDRoundRectTool.h in Headers */ = {isa = PBXBuildFile; fileRef = 015A50CA24A13F4B0008AAB1 /* PTDRoundRectTool.h */; };
		01B49923286A57020000EA4E /* PTDRoundRectTool.m in Sources */ = {isa = PBXBuildFile; fileRef = 015A50CB24A13F4B0008AAB1 /* PTDRoundRectTool.m */; };
		01B49925286A58570000EA4E /* PTDRingMenuSpring.m in Sources */ = {isa = PBXBuildFile; fileRef = 0162BC96249A0DDA00DFECC9 /* PTDRingMenuSpring.m */; };
		01B49926286A58570000EA4E /* PTDRingMenuWindow.m in Sources */ = {isa = PBXBuildFile; fileRef = 016A928A24993FFD006C9678 /* PTDRingMenuWindow.m */; };
		01B49927286A58570000EA4E /* PTDRingMenuItem.m in Sources */ = {isa = PBXBuildFile; fileRef = 0162BC93249A0CC400DFECC9 /* PTDRingMenuItem.m */; };
		01B49928286A58570000EA4E /* PTDRingMenuRing.m in Sources */ = {isa = PBXBuildFile; fileRef = 01B63BA5249C2F3400D9DFBF /* PTDRingMenuRing.m */; };
		01B49929286A58570000EA4E /* PTDRingMenu.m in Sources */ = {isa = PBXBuildFile; fileRef = 0162BC90249A0CAE00DFECC9 /* PTDRingMenu.m */; };
		01B4992A286A588F0000EA4E /* PTDRingMenuWindow.h in Headers */ = {isa = PBXBuildFile; fileRef = 016A928924993FFD006C9678 /* PTDRingMenuWindow.h */; };
		01B4992B286A588F0000EA4E /* PTDRingMenu.h in Headers */ = {isa = PBXBuildFile; fileRef = 0162BC8F249A0CAD00DFECC9 /* PTDRingMenu.h */; };
		01B4992C286A588F0000EA4E /* PTDRingMenuSpring.h in Headers */ = {isa = PBXBuildFile; fileRef = 0162BC95249A0DDA00DFECC9 /* PTDRingMenuSpring.h */; };
		01B4992D286A588F0000EA4E /* PTDRingMenuItem.h in Headers */ = {isa = PBXBuildFile; fileRef = 0162BC92249A0CC400DFECC9 /* PTDRingMenuItem.h */; };
		01B4992E286A588F0000EA4E /* PTDRingMenuRing.h in Headers */ = {isa = PBXBuildFile; fileRef = 01B63BA4249C2F3400D9DFBF /* PTDRingMenuRing.h */; };
		01B4992F286A58CF0000EA4E /* PTDPaintViewController.m in Sources */ = {isa = PBXBuildFile; fileRef = 01F0320E2634C6B10045B622 /* PTDPaintViewController.m */; };
		01B49931286A58CF0000EA4E /* PTDOpenGLBufferedTexture.m in Sources */ = {isa = PBXBuildFile; fileRef = 011426B324968916005363E8 /* PTDOpenGLBufferedTexture.m */; };
		01B49933286A59580000EA4E /* PTDThumbnailMenuItemView.m in Sources */ = {isa = PBXBuildFile; fileRef = 018CB0C324AA3C1B002ABD80 /* PTDThumbnailMenuItemView.m */; };
		01B49934286A596C0000EA4E /* PTDThumbnailMenuItemView.h in Headers */ = {isa = PBXBuildFile; fileRef = 018CB0C224AA3C1B002ABD80 /* PTDThumbnailMenuItemView.h */; };
		01B49941286A59810000EA4E /* PTDSimpleAbstractPaintWindowController.m in Sources */ = {isa = PBXBuildFile; fileRef = 01B7AF412642A7D800A3FF31 /* PTDSimpleAbstractPaintWindowController.m */; };
		01B49942286A59810000EA4E /* PTDAbstractPaintWindowController.m in Sources */ = {isa = PBXBuildFile; fileRef = 01B7AF2E26428AB400A3FF31 /* PTDAbstractPaintWindowController.m */; };
		01B49943286A59810000EA4E /* PTDSimpleAbstractPaintWindowController.h in Headers */ = {isa = PBXBuildFile; fileRef = 01B7AF402642A7D800A3FF31 /* PTDSimpleAbstractPaintWindowController.h */; };
		01B49947286A59810000EA4E /* PTDAbstractPaintWindowController.h in Headers */ = {isa = PBXBuildFile; fileRef = 01B7AF2D26428AB400A3FF31 /* PTDAbstractPaintWindowController.h */; };
		01B49955286A59B60000EA4E /* PTDCursor.h in Headers */ = {isa = PBXBuildFile; fileRef = 016D36C124907BBB0086E96D /* PTDCursor.h */; };
		01B49956286A59B60000EA4E /* PTDPaintView.m in Sources */ = {isa = PBXBuildFile; fileRef = 01A213F4248EEA1D00B5EB9D /* PTDPaintView.m */; };
		01B49957286A59B60000EA4E /* PTDPaintViewController.h in Headers */ = {isa = PBXBuildFile; fileRef = 01F0320D2634C6B10045B622 /* PTDPaintViewController.h */; };
		01B49958286A59B60000EA4E /* PTDPaintView.h in Headers */ = {isa = PBXBuildFile; fileRef = 01A213F3248EEA1D00B5EB9D /* PTDPaintView.h */; };
		01B49959286A59B60000EA4E /* PTDOpenGLBufferedTexture.h in Headers */ = {isa = PBXBuildFile; fileRef = 011426B224968916005363E8 /* PTDOpenGLBufferedTexture.h */; };
		01B4995A286A59B60000EA4E /* PTDCursor.m in Sources */ = {isa = PBXBuildFile; fileRef = 016D36C224907BBB0086E96D /* PTDCursor.m */; };
		01B4995D286A5AD50000EA4E /* PTDScreenPaintWindowController.m in Sources */ = {isa = PBXBuildFile; fileRef = 01484B1426323E4800B0518F /* PTDScreenPaintWindowController.m */; };
		01B4995E286A5AD50000EA4E /* PTDSimpleCanvasPaintWindowController.m in Sources */ = {isa = PBXBuildFile; fileRef = 01A213EF248EE9F600B5EB9D /* PTDSimpleCanvasPaintWindowController.m */; };
		01B49966286A5AFC0000EA4E /* PTDPDFPaintWindowController.m in Sources */ = {isa = PBXBuildFile; fileRef = 016223D2278C848100096A47 /* PTDPDFPaintWindowController.m */; };
		01B49967286A5B000000EA4E /* PTDPDFPresentationPaintWindowController.m in Sources */ = {isa = PBXBuildFile; fileRef = 01B7AF452642D24500A3FF31 /* PTDPDFPresentationPaintWindowController.m */; };
		01B49968286A5B040000EA4E /* PTDPDFPresentationPaintWindowController.xib in Resources */ = {isa = PBXBuildFile; fileRef = 01B7AF462642D24500A3FF31 /* PTDPDFPresentationPaintWindowController.xib */; };
		01B49969286A5B070000EA4E /* PTDPDFAnnotationPaintWindowController.m in Sources */ = {isa = PBXBuildFile; fileRef = 01FD9A84278B489E00589F87 /* PTDPDFAnnotationPaintWindowController.m */; };
		01B4996A286A5B0B0000EA4E /* PTDPDFAnnotationPaintWindowController.xib in Resources */ = {isa = PBXBuildFile; fileRef = 01FD9A85278B489E00589F87 /* PTDPDFAnnotationPaintWindowController.xib */; };
		01B4996B286A5B0F0000EA4E /* PTDPDFPageView.m in Sources */ = {isa = PBXBuildFile; fileRef = 01B7AF5A2642D50200A3FF31 /* PTDPDFPageView.m */; };
		01B4996C286A5B120000EA4E /* PTDAnnotationOverlayPDFPage.m in Sources */ = {isa = PBXBuildFile; fileRef = 01B7AF7426432E9500A3FF31 /* PTDAnnotationOverlayPDFPage.m */; };
		01B4996F286A5B550000EA4E /* PDFKit.framework in Frameworks */ = {isa = PBXBuildFile; fileRef = 01B4996E286A5B550000EA4E /* PDFKit.framework */; };
		01CFFD1924EB50580093D6BA /* Localizable.strings in Resources */ = {isa = PBXBuildFile; fileRef = 01CFFD1B24EB50580093D6BA /* Localizable.strings */; };
		01EE4620260BAD3400CF4CFF /* PTDPreferencesWindowController.m in Sources */ = {isa = PBXBuildFile; fileRef = 01EE461E260BAD3400CF4CFF /* PTDPreferencesWindowController.m */; };
		01EE4621260BAD3400CF4CFF /* PTDPreferencesWindow.xib in Resources */ = {isa = PBXBuildFile; fileRef = 01EE461F260BAD3400CF4CFF /* PTDPreferencesWindow.xib */; };
		01EE4624260BE25F00CF4CFF /* PTDBrushColorCollectionViewItem.m in Sources */ = {isa = PBXBuildFile; fileRef = 01EE4623260BE25F00CF4CFF /* PTDBrushColorCollectionViewItem.m */; };
		01F171DA27823BF700EFC221 /* PTDTextSizePrefsTableViewController.m in Sources */ = {isa = PBXBuildFile; fileRef = 01F171D927823BF700EFC221 /* PTDTextSizePrefsTableViewController.m */; };
/* End PBXBuildFile section */

/* Begin PBXContainerItemProxy section */
		01B498BB286A55AC0000EA4E /* PBXContainerItemProxy */ = {
			isa = PBXContainerItemProxy;
			containerPortal = 01A213D2248EE94400B5EB9D /* Project object */;
			proxyType = 1;
			remoteGlobalIDString = 01B498B6286A55AC0000EA4E;
			remoteInfo = PTDCommon;
		};
/* End PBXContainerItemProxy section */

/* Begin PBXCopyFilesBuildPhase section */
		0146EBAA24FB317B00B3785C /* Copy Bundle Frameworks */ = {
			isa = PBXCopyFilesBuildPhase;
			buildActionMask = 2147483647;
			dstPath = "";
			dstSubfolderSpec = 10;
			files = (
				01B498BE286A55AC0000EA4E /* PTDCommon.framework in Copy Bundle Frameworks */,
			);
			name = "Copy Bundle Frameworks";
			runOnlyForDeploymentPostprocessing = 0;
		};
/* End PBXCopyFilesBuildPhase section */

/* Begin PBXFileReference section */
		011426B224968916005363E8 /* PTDOpenGLBufferedTexture.h */ = {isa = PBXFileReference; lastKnownFileType = sourcecode.c.h; path = PTDOpenGLBufferedTexture.h; sourceTree = "<group>"; };
		011426B324968916005363E8 /* PTDOpenGLBufferedTexture.m */ = {isa = PBXFileReference; lastKnownFileType = sourcecode.c.objc; path = PTDOpenGLBufferedTexture.m; sourceTree = "<group>"; };
		013C9A01249AD17E0033120A /* PTDNSPanel.h */ = {isa = PBXFileReference; lastKnownFileType = sourcecode.c.h; path = PTDNSPanel.h; sourceTree = "<group>"; };
		013C9A02249AD17E0033120A /* PTDNSPanel.m */ = {isa = PBXFileReference; lastKnownFileType = sourcecode.c.objc; path = PTDNSPanel.m; sourceTree = "<group>"; };
		013D2ED8272B5A2D008F92BC /* NSMenu+PTD.h */ = {isa = PBXFileReference; lastKnownFileType = sourcecode.c.h; path = "NSMenu+PTD.h"; sourceTree = "<group>"; };
		013D2ED9272B5A2D008F92BC /* NSMenu+PTD.m */ = {isa = PBXFileReference; lastKnownFileType = sourcecode.c.objc; path = "NSMenu+PTD.m"; sourceTree = "<group>"; };
		01484AE42631AC1A00B0518F /* PTDCollectionViewFlowLayout.h */ = {isa = PBXFileReference; lastKnownFileType = sourcecode.c.h; path = PTDCollectionViewFlowLayout.h; sourceTree = "<group>"; };
		01484AE52631AC1A00B0518F /* PTDCollectionViewFlowLayout.m */ = {isa = PBXFileReference; lastKnownFileType = sourcecode.c.objc; path = PTDCollectionViewFlowLayout.m; sourceTree = "<group>"; };
		01484AFD263213E900B0518F /* PTDAbstractPrefsCollectionViewDelegate.h */ = {isa = PBXFileReference; lastKnownFileType = sourcecode.c.h; path = PTDAbstractPrefsCollectionViewDelegate.h; sourceTree = "<group>"; };
		01484AFE263213EA00B0518F /* PTDAbstractPrefsCollectionViewDelegate.m */ = {isa = PBXFileReference; lastKnownFileType = sourcecode.c.objc; path = PTDAbstractPrefsCollectionViewDelegate.m; sourceTree = "<group>"; };
		01484B012632197300B0518F /* PTDUtils.h */ = {isa = PBXFileReference; lastKnownFileType = sourcecode.c.h; path = PTDUtils.h; sourceTree = "<group>"; };
		01484B0226321F1800B0518F /* PTDAbstractSizePrefsCollectionViewDelegate.h */ = {isa = PBXFileReference; lastKnownFileType = sourcecode.c.h; path = PTDAbstractSizePrefsCollectionViewDelegate.h; sourceTree = "<group>"; };
		01484B0326321F1800B0518F /* PTDAbstractSizePrefsCollectionViewDelegate.m */ = {isa = PBXFileReference; lastKnownFileType = sourcecode.c.objc; path = PTDAbstractSizePrefsCollectionViewDelegate.m; sourceTree = "<group>"; };
		01484B0526321F4900B0518F /* PTDAbstractSizeCollectionViewItem.h */ = {isa = PBXFileReference; lastKnownFileType = sourcecode.c.h; path = PTDAbstractSizeCollectionViewItem.h; sourceTree = "<group>"; };
		01484B0626321F4900B0518F /* PTDAbstractSizeCollectionViewItem.m */ = {isa = PBXFileReference; lastKnownFileType = sourcecode.c.objc; path = PTDAbstractSizeCollectionViewItem.m; sourceTree = "<group>"; };
		01484B0E2632321100B0518F /* PTDSizeEditorPopover.h */ = {isa = PBXFileReference; lastKnownFileType = sourcecode.c.h; path = PTDSizeEditorPopover.h; sourceTree = "<group>"; };
		01484B0F2632321100B0518F /* PTDSizeEditorPopover.m */ = {isa = PBXFileReference; lastKnownFileType = sourcecode.c.objc; path = PTDSizeEditorPopover.m; sourceTree = "<group>"; };
		01484B102632321100B0518F /* PTDSizeEditorPopover.xib */ = {isa = PBXFileReference; lastKnownFileType = file.xib; path = PTDSizeEditorPopover.xib; sourceTree = "<group>"; };
		01484B1326323E4800B0518F /* PTDScreenPaintWindowController.h */ = {isa = PBXFileReference; lastKnownFileType = sourcecode.c.h; path = PTDScreenPaintWindowController.h; sourceTree = "<group>"; };
		01484B1426323E4800B0518F /* PTDScreenPaintWindowController.m */ = {isa = PBXFileReference; lastKnownFileType = sourcecode.c.objc; path = PTDScreenPaintWindowController.m; sourceTree = "<group>"; };
		0157B8F9286A5DE4009F5D74 /* Assets.xcassets */ = {isa = PBXFileReference; lastKnownFileType = folder.assetcatalog; path = Assets.xcassets; sourceTree = "<group>"; };
		015A50CA24A13F4B0008AAB1 /* PTDRoundRectTool.h */ = {isa = PBXFileReference; lastKnownFileType = sourcecode.c.h; path = PTDRoundRectTool.h; sourceTree = "<group>"; };
		015A50CB24A13F4B0008AAB1 /* PTDRoundRectTool.m */ = {isa = PBXFileReference; lastKnownFileType = sourcecode.c.objc; path = PTDRoundRectTool.m; sourceTree = "<group>"; };
		016223D1278C848100096A47 /* PTDPDFPaintWindowController.h */ = {isa = PBXFileReference; lastKnownFileType = sourcecode.c.h; path = PTDPDFPaintWindowController.h; sourceTree = "<group>"; };
		016223D2278C848100096A47 /* PTDPDFPaintWindowController.m */ = {isa = PBXFileReference; lastKnownFileType = sourcecode.c.objc; path = PTDPDFPaintWindowController.m; sourceTree = "<group>"; };
		0162BC8F249A0CAD00DFECC9 /* PTDRingMenu.h */ = {isa = PBXFileReference; lastKnownFileType = sourcecode.c.h; path = PTDRingMenu.h; sourceTree = "<group>"; };
		0162BC90249A0CAE00DFECC9 /* PTDRingMenu.m */ = {isa = PBXFileReference; lastKnownFileType = sourcecode.c.objc; path = PTDRingMenu.m; sourceTree = "<group>"; };
		0162BC92249A0CC400DFECC9 /* PTDRingMenuItem.h */ = {isa = PBXFileReference; lastKnownFileType = sourcecode.c.h; path = PTDRingMenuItem.h; sourceTree = "<group>"; };
		0162BC93249A0CC400DFECC9 /* PTDRingMenuItem.m */ = {isa = PBXFileReference; lastKnownFileType = sourcecode.c.objc; path = PTDRingMenuItem.m; sourceTree = "<group>"; };
		0162BC95249A0DDA00DFECC9 /* PTDRingMenuSpring.h */ = {isa = PBXFileReference; lastKnownFileType = sourcecode.c.h; path = PTDRingMenuSpring.h; sourceTree = "<group>"; };
		0162BC96249A0DDA00DFECC9 /* PTDRingMenuSpring.m */ = {isa = PBXFileReference; lastKnownFileType = sourcecode.c.objc; path = PTDRingMenuSpring.m; sourceTree = "<group>"; };
		0162BC9E249A9BC000DFECC9 /* NSColor+PTD.h */ = {isa = PBXFileReference; lastKnownFileType = sourcecode.c.h; path = "NSColor+PTD.h"; sourceTree = "<group>"; };
		0162BC9F249A9BC000DFECC9 /* NSColor+PTD.m */ = {isa = PBXFileReference; lastKnownFileType = sourcecode.c.objc; path = "NSColor+PTD.m"; sourceTree = "<group>"; };
		01642476249FF58D000955D8 /* PTDShapeTool.m */ = {isa = PBXFileReference; lastKnownFileType = sourcecode.c.objc; path = PTDShapeTool.m; sourceTree = "<group>"; };
		01642477249FF58D000955D8 /* PTDShapeTool.h */ = {isa = PBXFileReference; lastKnownFileType = sourcecode.c.h; path = PTDShapeTool.h; sourceTree = "<group>"; };
		01642479249FF71F000955D8 /* PTDOvalTool.h */ = {isa = PBXFileReference; lastKnownFileType = sourcecode.c.h; path = PTDOvalTool.h; sourceTree = "<group>"; };
		0164247A249FF71F000955D8 /* PTDOvalTool.m */ = {isa = PBXFileReference; lastKnownFileType = sourcecode.c.objc; path = PTDOvalTool.m; sourceTree = "<group>"; };
		0167A55624A7A02400E08507 /* NSGeometry+PTD.h */ = {isa = PBXFileReference; lastKnownFileType = sourcecode.c.h; path = "NSGeometry+PTD.h"; sourceTree = "<group>"; };
		0167A55924A7F87700E08507 /* NSImage+PTD.h */ = {isa = PBXFileReference; lastKnownFileType = sourcecode.c.h; path = "NSImage+PTD.h"; sourceTree = "<group>"; };
		0167A55A24A7F87700E08507 /* NSImage+PTD.m */ = {isa = PBXFileReference; lastKnownFileType = sourcecode.c.objc; path = "NSImage+PTD.m"; sourceTree = "<group>"; };
		0169E1652607ACB6008F986B /* PTDToolOptions.h */ = {isa = PBXFileReference; lastKnownFileType = sourcecode.c.h; path = PTDToolOptions.h; sourceTree = "<group>"; };
		0169E1662607ACB6008F986B /* PTDToolOptions.m */ = {isa = PBXFileReference; lastKnownFileType = sourcecode.c.objc; path = PTDToolOptions.m; sourceTree = "<group>"; };
		0169E1782607F4CF008F986B /* PTDBrushTool.h */ = {isa = PBXFileReference; lastKnownFileType = sourcecode.c.h; path = PTDBrushTool.h; sourceTree = "<group>"; };
		0169E1792607F4CF008F986B /* PTDBrushTool.m */ = {isa = PBXFileReference; lastKnownFileType = sourcecode.c.objc; path = PTDBrushTool.m; sourceTree = "<group>"; };
		016A928924993FFD006C9678 /* PTDRingMenuWindow.h */ = {isa = PBXFileReference; lastKnownFileType = sourcecode.c.h; path = PTDRingMenuWindow.h; sourceTree = "<group>"; };
		016A928A24993FFD006C9678 /* PTDRingMenuWindow.m */ = {isa = PBXFileReference; lastKnownFileType = sourcecode.c.objc; path = PTDRingMenuWindow.m; sourceTree = "<group>"; };
		016A928B24993FFD006C9678 /* PTDRingMenuWindow.xib */ = {isa = PBXFileReference; lastKnownFileType = file.xib; path = PTDRingMenuWindow.xib; sourceTree = "<group>"; };
		016AD9A324978132004E3749 /* NSView+PTD.h */ = {isa = PBXFileReference; lastKnownFileType = sourcecode.c.h; path = "NSView+PTD.h"; sourceTree = "<group>"; };
		016AD9A424978132004E3749 /* NSView+PTD.m */ = {isa = PBXFileReference; lastKnownFileType = sourcecode.c.objc; path = "NSView+PTD.m"; sourceTree = "<group>"; };
		016AD9A6249790B3004E3749 /* PTDDrawingSurface.h */ = {isa = PBXFileReference; lastKnownFileType = sourcecode.c.h; path = PTDDrawingSurface.h; sourceTree = "<group>"; };
		016AD9A7249790B3004E3749 /* PTDDrawingSurface.m */ = {isa = PBXFileReference; lastKnownFileType = sourcecode.c.objc; path = PTDDrawingSurface.m; sourceTree = "<group>"; };
		016AD9A92497A902004E3749 /* PTDRectangleTool.h */ = {isa = PBXFileReference; lastKnownFileType = sourcecode.c.h; path = PTDRectangleTool.h; sourceTree = "<group>"; };
		016AD9AA2497A902004E3749 /* PTDRectangleTool.m */ = {isa = PBXFileReference; lastKnownFileType = sourcecode.c.objc; path = PTDRectangleTool.m; sourceTree = "<group>"; };
		016D36B22490584E0086E96D /* PTDPencilTool.h */ = {isa = PBXFileReference; lastKnownFileType = sourcecode.c.h; path = PTDPencilTool.h; sourceTree = "<group>"; };
		016D36B32490584E0086E96D /* PTDPencilTool.m */ = {isa = PBXFileReference; lastKnownFileType = sourcecode.c.objc; path = PTDPencilTool.m; sourceTree = "<group>"; };
		016D36B524905E280086E96D /* PTDToolManager.h */ = {isa = PBXFileReference; lastKnownFileType = sourcecode.c.h; path = PTDToolManager.h; sourceTree = "<group>"; };
		016D36B624905E280086E96D /* PTDToolManager.m */ = {isa = PBXFileReference; lastKnownFileType = sourcecode.c.objc; path = PTDToolManager.m; sourceTree = "<group>"; };
		016D36B8249064700086E96D /* PTDEraserTool.h */ = {isa = PBXFileReference; lastKnownFileType = sourcecode.c.h; path = PTDEraserTool.h; sourceTree = "<group>"; };
		016D36B9249064700086E96D /* PTDEraserTool.m */ = {isa = PBXFileReference; lastKnownFileType = sourcecode.c.objc; path = PTDEraserTool.m; sourceTree = "<group>"; };
		016D36BB249067300086E96D /* PTDTool.h */ = {isa = PBXFileReference; lastKnownFileType = sourcecode.c.h; path = PTDTool.h; sourceTree = "<group>"; };
		016D36BC249067300086E96D /* PTDTool.m */ = {isa = PBXFileReference; lastKnownFileType = sourcecode.c.objc; path = PTDTool.m; sourceTree = "<group>"; };
		016D36BE249068F40086E96D /* PTDResetTool.h */ = {isa = PBXFileReference; lastKnownFileType = sourcecode.c.h; path = PTDResetTool.h; sourceTree = "<group>"; };
		016D36BF249068F40086E96D /* PTDResetTool.m */ = {isa = PBXFileReference; lastKnownFileType = sourcecode.c.objc; path = PTDResetTool.m; sourceTree = "<group>"; };
		016D36C124907BBB0086E96D /* PTDCursor.h */ = {isa = PBXFileReference; lastKnownFileType = sourcecode.c.h; path = PTDCursor.h; sourceTree = "<group>"; };
		016D36C224907BBB0086E96D /* PTDCursor.m */ = {isa = PBXFileReference; lastKnownFileType = sourcecode.c.objc; path = PTDCursor.m; sourceTree = "<group>"; };
		0177600D25BA340000317B4F /* PTDNoAnimeCALayer.h */ = {isa = PBXFileReference; lastKnownFileType = sourcecode.c.h; path = PTDNoAnimeCALayer.h; sourceTree = "<group>"; };
		0177600E25BA340000317B4F /* PTDNoAnimeCALayer.m */ = {isa = PBXFileReference; lastKnownFileType = sourcecode.c.objc; path = PTDNoAnimeCALayer.m; sourceTree = "<group>"; };
		018CB0C224AA3C1B002ABD80 /* PTDThumbnailMenuItemView.h */ = {isa = PBXFileReference; lastKnownFileType = sourcecode.c.h; path = PTDThumbnailMenuItemView.h; sourceTree = "<group>"; };
		018CB0C324AA3C1B002ABD80 /* PTDThumbnailMenuItemView.m */ = {isa = PBXFileReference; lastKnownFileType = sourcecode.c.objc; path = PTDThumbnailMenuItemView.m; sourceTree = "<group>"; };
		018CB0C524AA3CCB002ABD80 /* PTDThumbnailMenuItemView.xib */ = {isa = PBXFileReference; lastKnownFileType = file.xib; path = PTDThumbnailMenuItemView.xib; sourceTree = "<group>"; };
		018CB0C724AA421C002ABD80 /* NSNib+PTD.h */ = {isa = PBXFileReference; lastKnownFileType = sourcecode.c.h; path = "NSNib+PTD.h"; sourceTree = "<group>"; };
		018CB0C824AA421C002ABD80 /* NSNib+PTD.m */ = {isa = PBXFileReference; lastKnownFileType = sourcecode.c.objc; path = "NSNib+PTD.m"; sourceTree = "<group>"; };
		018E37612623C99E0009B7A4 /* PTDGraphics.h */ = {isa = PBXFileReference; lastKnownFileType = sourcecode.c.h; path = PTDGraphics.h; sourceTree = "<group>"; };
		018E37622623C99E0009B7A4 /* PTDGraphics.m */ = {isa = PBXFileReference; lastKnownFileType = sourcecode.c.objc; path = PTDGraphics.m; sourceTree = "<group>"; };
		019AB4862622571F008F85A7 /* PTDBrushColorPrefsCollectionViewDelegate.h */ = {isa = PBXFileReference; lastKnownFileType = sourcecode.c.h; path = PTDBrushColorPrefsCollectionViewDelegate.h; sourceTree = "<group>"; };
		019AB4872622571F008F85A7 /* PTDBrushColorPrefsCollectionViewDelegate.m */ = {isa = PBXFileReference; lastKnownFileType = sourcecode.c.objc; path = PTDBrushColorPrefsCollectionViewDelegate.m; sourceTree = "<group>"; };
		01A213DA248EE94500B5EB9D /* PaintTheDesktop.app */ = {isa = PBXFileReference; explicitFileType = wrapper.application; includeInIndex = 0; path = PaintTheDesktop.app; sourceTree = BUILT_PRODUCTS_DIR; };
		01A213DD248EE94500B5EB9D /* PTDAppDelegate.h */ = {isa = PBXFileReference; lastKnownFileType = sourcecode.c.h; path = PTDAppDelegate.h; sourceTree = "<group>"; };
		01A213DE248EE94500B5EB9D /* PTDAppDelegate.m */ = {isa = PBXFileReference; lastKnownFileType = sourcecode.c.objc; path = PTDAppDelegate.m; sourceTree = "<group>"; };
		01A213E0248EE94600B5EB9D /* Assets.xcassets */ = {isa = PBXFileReference; lastKnownFileType = folder.assetcatalog; path = Assets.xcassets; sourceTree = "<group>"; };
		01A213E3248EE94600B5EB9D /* Base */ = {isa = PBXFileReference; lastKnownFileType = file.xib; name = Base; path = Base.lproj/PTDApp.xib; sourceTree = "<group>"; };
		01A213E5248EE94600B5EB9D /* Info.plist */ = {isa = PBXFileReference; lastKnownFileType = text.plist.xml; path = Info.plist; sourceTree = "<group>"; };
		01A213E6248EE94600B5EB9D /* main.m */ = {isa = PBXFileReference; lastKnownFileType = sourcecode.c.objc; path = main.m; sourceTree = "<group>"; };
		01A213EE248EE9F600B5EB9D /* PTDSimpleCanvasPaintWindowController.h */ = {isa = PBXFileReference; lastKnownFileType = sourcecode.c.h; path = PTDSimpleCanvasPaintWindowController.h; sourceTree = "<group>"; };
		01A213EF248EE9F600B5EB9D /* PTDSimpleCanvasPaintWindowController.m */ = {isa = PBXFileReference; lastKnownFileType = sourcecode.c.objc; path = PTDSimpleCanvasPaintWindowController.m; sourceTree = "<group>"; };
		01A213F3248EEA1D00B5EB9D /* PTDPaintView.h */ = {isa = PBXFileReference; lastKnownFileType = sourcecode.c.h; path = PTDPaintView.h; sourceTree = "<group>"; };
		01A213F4248EEA1D00B5EB9D /* PTDPaintView.m */ = {isa = PBXFileReference; lastKnownFileType = sourcecode.c.objc; path = PTDPaintView.m; sourceTree = "<group>"; };
		01A31E4625BB35CA002BA7D4 /* NSBezierPath+PTD.h */ = {isa = PBXFileReference; lastKnownFileType = sourcecode.c.h; path = "NSBezierPath+PTD.h"; sourceTree = "<group>"; };
		01A31E4725BB35CA002BA7D4 /* NSBezierPath+PTD.m */ = {isa = PBXFileReference; lastKnownFileType = sourcecode.c.objc; path = "NSBezierPath+PTD.m"; sourceTree = "<group>"; };
		01B498B7286A55AC0000EA4E /* PTDCommon.framework */ = {isa = PBXFileReference; explicitFileType = wrapper.framework; includeInIndex = 0; path = PTDCommon.framework; sourceTree = BUILT_PRODUCTS_DIR; };
		01B498B9286A55AC0000EA4E /* PTDCommon.h */ = {isa = PBXFileReference; lastKnownFileType = sourcecode.c.h; path = PTDCommon.h; sourceTree = "<group>"; };
		01B4996E286A5B550000EA4E /* PDFKit.framework */ = {isa = PBXFileReference; lastKnownFileType = wrapper.framework; name = PDFKit.framework; path = System/Library/Frameworks/PDFKit.framework; sourceTree = SDKROOT; };
		01B63BA4249C2F3400D9DFBF /* PTDRingMenuRing.h */ = {isa = PBXFileReference; lastKnownFileType = sourcecode.c.h; path = PTDRingMenuRing.h; sourceTree = "<group>"; };
		01B63BA5249C2F3400D9DFBF /* PTDRingMenuRing.m */ = {isa = PBXFileReference; lastKnownFileType = sourcecode.c.objc; path = PTDRingMenuRing.m; sourceTree = "<group>"; };
		01B7AF2D26428AB400A3FF31 /* PTDAbstractPaintWindowController.h */ = {isa = PBXFileReference; lastKnownFileType = sourcecode.c.h; path = PTDAbstractPaintWindowController.h; sourceTree = "<group>"; };
		01B7AF2E26428AB400A3FF31 /* PTDAbstractPaintWindowController.m */ = {isa = PBXFileReference; lastKnownFileType = sourcecode.c.objc; path = PTDAbstractPaintWindowController.m; sourceTree = "<group>"; };
		01B7AF402642A7D800A3FF31 /* PTDSimpleAbstractPaintWindowController.h */ = {isa = PBXFileReference; lastKnownFileType = sourcecode.c.h; path = PTDSimpleAbstractPaintWindowController.h; sourceTree = "<group>"; };
		01B7AF412642A7D800A3FF31 /* PTDSimpleAbstractPaintWindowController.m */ = {isa = PBXFileReference; lastKnownFileType = sourcecode.c.objc; path = PTDSimpleAbstractPaintWindowController.m; sourceTree = "<group>"; };
		01B7AF442642D24500A3FF31 /* PTDPDFPresentationPaintWindowController.h */ = {isa = PBXFileReference; lastKnownFileType = sourcecode.c.h; path = PTDPDFPresentationPaintWindowController.h; sourceTree = "<group>"; };
		01B7AF452642D24500A3FF31 /* PTDPDFPresentationPaintWindowController.m */ = {isa = PBXFileReference; lastKnownFileType = sourcecode.c.objc; path = PTDPDFPresentationPaintWindowController.m; sourceTree = "<group>"; };
		01B7AF462642D24500A3FF31 /* PTDPDFPresentationPaintWindowController.xib */ = {isa = PBXFileReference; lastKnownFileType = file.xib; path = PTDPDFPresentationPaintWindowController.xib; sourceTree = "<group>"; };
		01B7AF592642D50200A3FF31 /* PTDPDFPageView.h */ = {isa = PBXFileReference; lastKnownFileType = sourcecode.c.h; path = PTDPDFPageView.h; sourceTree = "<group>"; };
		01B7AF5A2642D50200A3FF31 /* PTDPDFPageView.m */ = {isa = PBXFileReference; lastKnownFileType = sourcecode.c.objc; path = PTDPDFPageView.m; sourceTree = "<group>"; };
		01B7AF5C2642E10100A3FF31 /* NSAffineTransform+PTD.h */ = {isa = PBXFileReference; lastKnownFileType = sourcecode.c.h; path = "NSAffineTransform+PTD.h"; sourceTree = "<group>"; };
		01B7AF5D2642E10100A3FF31 /* NSAffineTransform+PTD.m */ = {isa = PBXFileReference; lastKnownFileType = sourcecode.c.objc; path = "NSAffineTransform+PTD.m"; sourceTree = "<group>"; };
		01B7AF5F2643129200A3FF31 /* PTDUtils.m */ = {isa = PBXFileReference; lastKnownFileType = sourcecode.c.objc; path = PTDUtils.m; sourceTree = "<group>"; };
		01B7AF7326432E9500A3FF31 /* PTDAnnotationOverlayPDFPage.h */ = {isa = PBXFileReference; lastKnownFileType = sourcecode.c.h; path = PTDAnnotationOverlayPDFPage.h; sourceTree = "<group>"; };
		01B7AF7426432E9500A3FF31 /* PTDAnnotationOverlayPDFPage.m */ = {isa = PBXFileReference; lastKnownFileType = sourcecode.c.objc; path = PTDAnnotationOverlayPDFPage.m; sourceTree = "<group>"; };
		01C0D68A2492ED7100AECEAB /* NSScreen+PTD.h */ = {isa = PBXFileReference; lastKnownFileType = sourcecode.c.h; path = "NSScreen+PTD.h"; sourceTree = "<group>"; };
		01C0D68B2492ED7100AECEAB /* NSScreen+PTD.m */ = {isa = PBXFileReference; lastKnownFileType = sourcecode.c.objc; path = "NSScreen+PTD.m"; sourceTree = "<group>"; };
		01CFFD1624EB4F6D0093D6BA /* en */ = {isa = PBXFileReference; lastKnownFileType = text.plist.strings; name = en; path = en.lproj/PTDApp.strings; sourceTree = "<group>"; };
		01CFFD1A24EB50580093D6BA /* en */ = {isa = PBXFileReference; lastKnownFileType = text.plist.strings; name = en; path = en.lproj/Localizable.strings; sourceTree = "<group>"; };
		01D68A5625AB9D1A00536CD6 /* PTDSelectionTool.h */ = {isa = PBXFileReference; lastKnownFileType = sourcecode.c.h; path = PTDSelectionTool.h; sourceTree = "<group>"; };
		01D68A5725AB9D1A00536CD6 /* PTDSelectionTool.m */ = {isa = PBXFileReference; lastKnownFileType = sourcecode.c.objc; path = PTDSelectionTool.m; sourceTree = "<group>"; };
		01E7E724277E0B9B00F02DBA /* PTDTextTool.h */ = {isa = PBXFileReference; lastKnownFileType = sourcecode.c.h; path = PTDTextTool.h; sourceTree = "<group>"; };
		01E7E725277E0B9B00F02DBA /* PTDTextTool.m */ = {isa = PBXFileReference; lastKnownFileType = sourcecode.c.objc; path = PTDTextTool.m; sourceTree = "<group>"; };
		01E7E737277E2DF500F02DBA /* NSTextView+PTD.h */ = {isa = PBXFileReference; lastKnownFileType = sourcecode.c.h; path = "NSTextView+PTD.h"; sourceTree = "<group>"; };
		01E7E738277E2DF500F02DBA /* NSTextView+PTD.m */ = {isa = PBXFileReference; lastKnownFileType = sourcecode.c.objc; path = "NSTextView+PTD.m"; sourceTree = "<group>"; };
		01EE461D260BAD3400CF4CFF /* PTDPreferencesWindowController.h */ = {isa = PBXFileReference; lastKnownFileType = sourcecode.c.h; path = PTDPreferencesWindowController.h; sourceTree = "<group>"; };
		01EE461E260BAD3400CF4CFF /* PTDPreferencesWindowController.m */ = {isa = PBXFileReference; lastKnownFileType = sourcecode.c.objc; path = PTDPreferencesWindowController.m; sourceTree = "<group>"; };
		01EE461F260BAD3400CF4CFF /* PTDPreferencesWindow.xib */ = {isa = PBXFileReference; lastKnownFileType = file.xib; path = PTDPreferencesWindow.xib; sourceTree = "<group>"; };
		01EE4622260BE25F00CF4CFF /* PTDBrushColorCollectionViewItem.h */ = {isa = PBXFileReference; lastKnownFileType = sourcecode.c.h; path = PTDBrushColorCollectionViewItem.h; sourceTree = "<group>"; };
		01EE4623260BE25F00CF4CFF /* PTDBrushColorCollectionViewItem.m */ = {isa = PBXFileReference; lastKnownFileType = sourcecode.c.objc; path = PTDBrushColorCollectionViewItem.m; sourceTree = "<group>"; };
		01F0320D2634C6B10045B622 /* PTDPaintViewController.h */ = {isa = PBXFileReference; lastKnownFileType = sourcecode.c.h; path = PTDPaintViewController.h; sourceTree = "<group>"; };
		01F0320E2634C6B10045B622 /* PTDPaintViewController.m */ = {isa = PBXFileReference; lastKnownFileType = sourcecode.c.objc; path = PTDPaintViewController.m; sourceTree = "<group>"; };
		01F032102634EC810045B622 /* PTDLineTool.h */ = {isa = PBXFileReference; lastKnownFileType = sourcecode.c.h; path = PTDLineTool.h; sourceTree = "<group>"; };
		01F032112634EC810045B622 /* PTDLineTool.m */ = {isa = PBXFileReference; lastKnownFileType = sourcecode.c.objc; path = PTDLineTool.m; sourceTree = "<group>"; };
		01F171D827823BF700EFC221 /* PTDTextSizePrefsTableViewController.h */ = {isa = PBXFileReference; lastKnownFileType = sourcecode.c.h; path = PTDTextSizePrefsTableViewController.h; sourceTree = "<group>"; };
		01F171D927823BF700EFC221 /* PTDTextSizePrefsTableViewController.m */ = {isa = PBXFileReference; lastKnownFileType = sourcecode.c.objc; path = PTDTextSizePrefsTableViewController.m; sourceTree = "<group>"; };
		01FD9A83278B489E00589F87 /* PTDPDFAnnotationPaintWindowController.h */ = {isa = PBXFileReference; lastKnownFileType = sourcecode.c.h; path = PTDPDFAnnotationPaintWindowController.h; sourceTree = "<group>"; };
		01FD9A84278B489E00589F87 /* PTDPDFAnnotationPaintWindowController.m */ = {isa = PBXFileReference; lastKnownFileType = sourcecode.c.objc; path = PTDPDFAnnotationPaintWindowController.m; sourceTree = "<group>"; };
		01FD9A85278B489E00589F87 /* PTDPDFAnnotationPaintWindowController.xib */ = {isa = PBXFileReference; lastKnownFileType = file.xib; path = PTDPDFAnnotationPaintWindowController.xib; sourceTree = "<group>"; };
		F7023C1924C72D6E00B54623 /* NSWindow+PTD.h */ = {isa = PBXFileReference; lastKnownFileType = sourcecode.c.h; path = "NSWindow+PTD.h"; sourceTree = "<group>"; };
		F7023C1A24C72D6E00B54623 /* NSWindow+PTD.m */ = {isa = PBXFileReference; lastKnownFileType = sourcecode.c.objc; path = "NSWindow+PTD.m"; sourceTree = "<group>"; };
/* End PBXFileReference section */

/* Begin PBXFrameworksBuildPhase section */
		01A213D7248EE94500B5EB9D /* Frameworks */ = {
			isa = PBXFrameworksBuildPhase;
			buildActionMask = 2147483647;
			files = (
				01B4996F286A5B550000EA4E /* PDFKit.framework in Frameworks */,
				01B498BD286A55AC0000EA4E /* PTDCommon.framework in Frameworks */,
				0133BA9B2780B997004A3E2E /* Sparkle in Frameworks */,
			);
			runOnlyForDeploymentPostprocessing = 0;
		};
		01B498B4286A55AC0000EA4E /* Frameworks */ = {
			isa = PBXFrameworksBuildPhase;
			buildActionMask = 2147483647;
			files = (
			);
			runOnlyForDeploymentPostprocessing = 0;
		};
/* End PBXFrameworksBuildPhase section */

/* Begin PBXGroup section */
		01A213D1248EE94400B5EB9D = {
			isa = PBXGroup;
			children = (
				01A213DC248EE94500B5EB9D /* PaintTheDesktop */,
				01B498B8286A55AC0000EA4E /* PTDCommon */,
				01A213DB248EE94500B5EB9D /* Products */,
				01B4996D286A5B550000EA4E /* Frameworks */,
			);
			indentWidth = 2;
			sourceTree = "<group>";
			tabWidth = 2;
		};
		01A213DB248EE94500B5EB9D /* Products */ = {
			isa = PBXGroup;
			children = (
				01A213DA248EE94500B5EB9D /* PaintTheDesktop.app */,
				01B498B7286A55AC0000EA4E /* PTDCommon.framework */,
			);
			name = Products;
			sourceTree = "<group>";
		};
		01A213DC248EE94500B5EB9D /* PaintTheDesktop */ = {
			isa = PBXGroup;
			children = (
				01A213DD248EE94500B5EB9D /* PTDAppDelegate.h */,
				01A213DE248EE94500B5EB9D /* PTDAppDelegate.m */,
				01A213E2248EE94600B5EB9D /* PTDApp.xib */,
				01EE461C260BACD800CF4CFF /* Preferences */,
				01B4995B286A5A090000EA4E /* Paint Windows */,
				01A213E6248EE94600B5EB9D /* main.m */,
				01A213E0248EE94600B5EB9D /* Assets.xcassets */,
				01CFFD1B24EB50580093D6BA /* Localizable.strings */,
				01A213E5248EE94600B5EB9D /* Info.plist */,
			);
			path = PaintTheDesktop;
			sourceTree = "<group>";
		};
		01B498B8286A55AC0000EA4E /* PTDCommon */ = {
			isa = PBXGroup;
			children = (
				01B498B9286A55AC0000EA4E /* PTDCommon.h */,
				018CB0C224AA3C1B002ABD80 /* PTDThumbnailMenuItemView.h */,
				018CB0C324AA3C1B002ABD80 /* PTDThumbnailMenuItemView.m */,
				018CB0C524AA3CCB002ABD80 /* PTDThumbnailMenuItemView.xib */,
				01B49932286A58F40000EA4E /* Paint Windows */,
				01B49924286A583C0000EA4E /* Ring Menu */,
				01B49902286A56980000EA4E /* Tools */,
				01B498C3286A55C50000EA4E /* Utilities */,
				0157B8F9286A5DE4009F5D74 /* Assets.xcassets */,
			);
			path = PTDCommon;
			sourceTree = "<group>";
		};
		01B498C3286A55C50000EA4E /* Utilities */ = {
			isa = PBXGroup;
			children = (
				01484B012632197300B0518F /* PTDUtils.h */,
				01B7AF5F2643129200A3FF31 /* PTDUtils.m */,
				01C0D68A2492ED7100AECEAB /* NSScreen+PTD.h */,
				01C0D68B2492ED7100AECEAB /* NSScreen+PTD.m */,
				016AD9A324978132004E3749 /* NSView+PTD.h */,
				016AD9A424978132004E3749 /* NSView+PTD.m */,
				0162BC9E249A9BC000DFECC9 /* NSColor+PTD.h */,
				0162BC9F249A9BC000DFECC9 /* NSColor+PTD.m */,
				0167A55924A7F87700E08507 /* NSImage+PTD.h */,
				0167A55A24A7F87700E08507 /* NSImage+PTD.m */,
				018CB0C724AA421C002ABD80 /* NSNib+PTD.h */,
				018CB0C824AA421C002ABD80 /* NSNib+PTD.m */,
				0167A55624A7A02400E08507 /* NSGeometry+PTD.h */,
				013C9A01249AD17E0033120A /* PTDNSPanel.h */,
				013C9A02249AD17E0033120A /* PTDNSPanel.m */,
				F7023C1924C72D6E00B54623 /* NSWindow+PTD.h */,
				F7023C1A24C72D6E00B54623 /* NSWindow+PTD.m */,
				0177600D25BA340000317B4F /* PTDNoAnimeCALayer.h */,
				0177600E25BA340000317B4F /* PTDNoAnimeCALayer.m */,
				01A31E4625BB35CA002BA7D4 /* NSBezierPath+PTD.h */,
				01A31E4725BB35CA002BA7D4 /* NSBezierPath+PTD.m */,
				018E37612623C99E0009B7A4 /* PTDGraphics.h */,
				018E37622623C99E0009B7A4 /* PTDGraphics.m */,
				01484AE42631AC1A00B0518F /* PTDCollectionViewFlowLayout.h */,
				01484AE52631AC1A00B0518F /* PTDCollectionViewFlowLayout.m */,
				01B7AF5C2642E10100A3FF31 /* NSAffineTransform+PTD.h */,
				01B7AF5D2642E10100A3FF31 /* NSAffineTransform+PTD.m */,
				013D2ED8272B5A2D008F92BC /* NSMenu+PTD.h */,
				013D2ED9272B5A2D008F92BC /* NSMenu+PTD.m */,
				01E7E737277E2DF500F02DBA /* NSTextView+PTD.h */,
				01E7E738277E2DF500F02DBA /* NSTextView+PTD.m */,
			);
			name = Utilities;
			sourceTree = "<group>";
		};
		01B49902286A56980000EA4E /* Tools */ = {
			isa = PBXGroup;
			children = (
				0169E1652607ACB6008F986B /* PTDToolOptions.h */,
				0169E1662607ACB6008F986B /* PTDToolOptions.m */,
				016D36B524905E280086E96D /* PTDToolManager.h */,
				016D36B624905E280086E96D /* PTDToolManager.m */,
				016AD9A6249790B3004E3749 /* PTDDrawingSurface.h */,
				016AD9A7249790B3004E3749 /* PTDDrawingSurface.m */,
				016D36BB249067300086E96D /* PTDTool.h */,
				016D36BC249067300086E96D /* PTDTool.m */,
				0169E1782607F4CF008F986B /* PTDBrushTool.h */,
				0169E1792607F4CF008F986B /* PTDBrushTool.m */,
				01E7E724277E0B9B00F02DBA /* PTDTextTool.h */,
				01E7E725277E0B9B00F02DBA /* PTDTextTool.m */,
				01B4990F286A56B40000EA4E /* Utility Tools */,
				01B49916286A56D40000EA4E /* Brush Tools */,
			);
			name = Tools;
			sourceTree = "<group>";
		};
		01B4990F286A56B40000EA4E /* Utility Tools */ = {
			isa = PBXGroup;
			children = (
				016D36B8249064700086E96D /* PTDEraserTool.h */,
				016D36B9249064700086E96D /* PTDEraserTool.m */,
				016D36BE249068F40086E96D /* PTDResetTool.h */,
				016D36BF249068F40086E96D /* PTDResetTool.m */,
				01D68A5625AB9D1A00536CD6 /* PTDSelectionTool.h */,
				01D68A5725AB9D1A00536CD6 /* PTDSelectionTool.m */,
			);
			name = "Utility Tools";
			sourceTree = "<group>";
		};
		01B49916286A56D40000EA4E /* Brush Tools */ = {
			isa = PBXGroup;
			children = (
				016D36B22490584E0086E96D /* PTDPencilTool.h */,
				016D36B32490584E0086E96D /* PTDPencilTool.m */,
				01F032102634EC810045B622 /* PTDLineTool.h */,
				01F032112634EC810045B622 /* PTDLineTool.m */,
				01642477249FF58D000955D8 /* PTDShapeTool.h */,
				01642476249FF58D000955D8 /* PTDShapeTool.m */,
				01B4991D286A56EF0000EA4E /* Shape Tools */,
			);
			name = "Brush Tools";
			sourceTree = "<group>";
		};
		01B4991D286A56EF0000EA4E /* Shape Tools */ = {
			isa = PBXGroup;
			children = (
				016AD9A92497A902004E3749 /* PTDRectangleTool.h */,
				016AD9AA2497A902004E3749 /* PTDRectangleTool.m */,
				01642479249FF71F000955D8 /* PTDOvalTool.h */,
				0164247A249FF71F000955D8 /* PTDOvalTool.m */,
				015A50CA24A13F4B0008AAB1 /* PTDRoundRectTool.h */,
				015A50CB24A13F4B0008AAB1 /* PTDRoundRectTool.m */,
			);
			name = "Shape Tools";
			sourceTree = "<group>";
		};
		01B49924286A583C0000EA4E /* Ring Menu */ = {
			isa = PBXGroup;
			children = (
				0162BC8F249A0CAD00DFECC9 /* PTDRingMenu.h */,
				0162BC90249A0CAE00DFECC9 /* PTDRingMenu.m */,
				01B63BA4249C2F3400D9DFBF /* PTDRingMenuRing.h */,
				01B63BA5249C2F3400D9DFBF /* PTDRingMenuRing.m */,
				0162BC92249A0CC400DFECC9 /* PTDRingMenuItem.h */,
				0162BC93249A0CC400DFECC9 /* PTDRingMenuItem.m */,
				0162BC95249A0DDA00DFECC9 /* PTDRingMenuSpring.h */,
				0162BC96249A0DDA00DFECC9 /* PTDRingMenuSpring.m */,
				016A928924993FFD006C9678 /* PTDRingMenuWindow.h */,
				016A928A24993FFD006C9678 /* PTDRingMenuWindow.m */,
				016A928B24993FFD006C9678 /* PTDRingMenuWindow.xib */,
			);
			name = "Ring Menu";
			sourceTree = "<group>";
		};
		01B49932286A58F40000EA4E /* Paint Windows */ = {
			isa = PBXGroup;
			children = (
				01B7AF2D26428AB400A3FF31 /* PTDAbstractPaintWindowController.h */,
				01B7AF2E26428AB400A3FF31 /* PTDAbstractPaintWindowController.m */,
				01B7AF402642A7D800A3FF31 /* PTDSimpleAbstractPaintWindowController.h */,
				01B7AF412642A7D800A3FF31 /* PTDSimpleAbstractPaintWindowController.m */,
				01F0320D2634C6B10045B622 /* PTDPaintViewController.h */,
				01F0320E2634C6B10045B622 /* PTDPaintViewController.m */,
				01A213F3248EEA1D00B5EB9D /* PTDPaintView.h */,
				01A213F4248EEA1D00B5EB9D /* PTDPaintView.m */,
				011426B224968916005363E8 /* PTDOpenGLBufferedTexture.h */,
				011426B324968916005363E8 /* PTDOpenGLBufferedTexture.m */,
				016D36C124907BBB0086E96D /* PTDCursor.h */,
				016D36C224907BBB0086E96D /* PTDCursor.m */,
			);
			name = "Paint Windows";
			sourceTree = "<group>";
		};
		01B4995B286A5A090000EA4E /* Paint Windows */ = {
			isa = PBXGroup;
			children = (
				01A213EE248EE9F600B5EB9D /* PTDSimpleCanvasPaintWindowController.h */,
				01A213EF248EE9F600B5EB9D /* PTDSimpleCanvasPaintWindowController.m */,
				01484B1326323E4800B0518F /* PTDScreenPaintWindowController.h */,
				01484B1426323E4800B0518F /* PTDScreenPaintWindowController.m */,
				01B4995C286A5A700000EA4E /* PDF */,
			);
			name = "Paint Windows";
			sourceTree = "<group>";
		};
		01B4995C286A5A700000EA4E /* PDF */ = {
			isa = PBXGroup;
			children = (
				016223D1278C848100096A47 /* PTDPDFPaintWindowController.h */,
				016223D2278C848100096A47 /* PTDPDFPaintWindowController.m */,
				01B7AF442642D24500A3FF31 /* PTDPDFPresentationPaintWindowController.h */,
				01B7AF452642D24500A3FF31 /* PTDPDFPresentationPaintWindowController.m */,
				01B7AF462642D24500A3FF31 /* PTDPDFPresentationPaintWindowController.xib */,
				01FD9A83278B489E00589F87 /* PTDPDFAnnotationPaintWindowController.h */,
				01FD9A84278B489E00589F87 /* PTDPDFAnnotationPaintWindowController.m */,
				01FD9A85278B489E00589F87 /* PTDPDFAnnotationPaintWindowController.xib */,
				01B7AF592642D50200A3FF31 /* PTDPDFPageView.h */,
				01B7AF5A2642D50200A3FF31 /* PTDPDFPageView.m */,
				01B7AF7326432E9500A3FF31 /* PTDAnnotationOverlayPDFPage.h */,
				01B7AF7426432E9500A3FF31 /* PTDAnnotationOverlayPDFPage.m */,
			);
			name = PDF;
			sourceTree = "<group>";
		};
		01B4996D286A5B550000EA4E /* Frameworks */ = {
			isa = PBXGroup;
			children = (
				01B4996E286A5B550000EA4E /* PDFKit.framework */,
			);
			name = Frameworks;
			sourceTree = "<group>";
		};
		01EE461C260BACD800CF4CFF /* Preferences */ = {
			isa = PBXGroup;
			children = (
				01EE461D260BAD3400CF4CFF /* PTDPreferencesWindowController.h */,
				01EE461E260BAD3400CF4CFF /* PTDPreferencesWindowController.m */,
				01EE461F260BAD3400CF4CFF /* PTDPreferencesWindow.xib */,
				01484AFD263213E900B0518F /* PTDAbstractPrefsCollectionViewDelegate.h */,
				01484AFE263213EA00B0518F /* PTDAbstractPrefsCollectionViewDelegate.m */,
				019AB4862622571F008F85A7 /* PTDBrushColorPrefsCollectionViewDelegate.h */,
				019AB4872622571F008F85A7 /* PTDBrushColorPrefsCollectionViewDelegate.m */,
				01EE4622260BE25F00CF4CFF /* PTDBrushColorCollectionViewItem.h */,
				01EE4623260BE25F00CF4CFF /* PTDBrushColorCollectionViewItem.m */,
				01484B0226321F1800B0518F /* PTDAbstractSizePrefsCollectionViewDelegate.h */,
				01484B0326321F1800B0518F /* PTDAbstractSizePrefsCollectionViewDelegate.m */,
				01484B0526321F4900B0518F /* PTDAbstractSizeCollectionViewItem.h */,
				01484B0626321F4900B0518F /* PTDAbstractSizeCollectionViewItem.m */,
				01F171D827823BF700EFC221 /* PTDTextSizePrefsTableViewController.h */,
				01F171D927823BF700EFC221 /* PTDTextSizePrefsTableViewController.m */,
				01484B0E2632321100B0518F /* PTDSizeEditorPopover.h */,
				01484B0F2632321100B0518F /* PTDSizeEditorPopover.m */,
				01484B102632321100B0518F /* PTDSizeEditorPopover.xib */,
			);
			name = Preferences;
			sourceTree = "<group>";
		};
/* End PBXGroup section */

/* Begin PBXHeadersBuildPhase section */
		01B498B2286A55AC0000EA4E /* Headers */ = {
			isa = PBXHeadersBuildPhase;
			buildActionMask = 2147483647;
			files = (
				01B498ED286A55FA0000EA4E /* NSGeometry+PTD.h in Headers */,
				01B49908286A56A80000EA4E /* PTDTool.h in Headers */,
				01B4992C286A588F0000EA4E /* PTDRingMenuSpring.h in Headers */,
				01B4990C286A56A80000EA4E /* PTDTextTool.h in Headers */,
				01B498F5286A55FA0000EA4E /* PTDUtils.h in Headers */,
				01B49922286A57020000EA4E /* PTDRoundRectTool.h in Headers */,
				01B49958286A59B60000EA4E /* PTDPaintView.h in Headers */,
				01B49957286A59B60000EA4E /* PTDPaintViewController.h in Headers */,
				01B498EA286A55FA0000EA4E /* NSScreen+PTD.h in Headers */,
				01B4992D286A588F0000EA4E /* PTDRingMenuItem.h in Headers */,
				01B49901286A55FA0000EA4E /* NSAffineTransform+PTD.h in Headers */,
				01B49920286A57020000EA4E /* PTDRectangleTool.h in Headers */,
				01B498FA286A55FA0000EA4E /* PTDCollectionViewFlowLayout.h in Headers */,
				01B4990E286A56A80000EA4E /* PTDBrushTool.h in Headers */,
				01B4992B286A588F0000EA4E /* PTDRingMenu.h in Headers */,
				01B498E4286A55FA0000EA4E /* NSColor+PTD.h in Headers */,
				01B49943286A59810000EA4E /* PTDSimpleAbstractPaintWindowController.h in Headers */,
				01B49947286A59810000EA4E /* PTDAbstractPaintWindowController.h in Headers */,
				01B498E8286A55FA0000EA4E /* NSWindow+PTD.h in Headers */,
				01B4991C286A56EC0000EA4E /* PTDLineTool.h in Headers */,
				01B498FC286A55FA0000EA4E /* NSBezierPath+PTD.h in Headers */,
				01B49955286A59B60000EA4E /* PTDCursor.h in Headers */,
				01B498F8286A55FA0000EA4E /* NSNib+PTD.h in Headers */,
				01B4990B286A56A80000EA4E /* PTDToolOptions.h in Headers */,
				01B498F6286A55FA0000EA4E /* PTDNSPanel.h in Headers */,
				01B49900286A55FA0000EA4E /* PTDNoAnimeCALayer.h in Headers */,
				01B49934286A596C0000EA4E /* PTDThumbnailMenuItemView.h in Headers */,
				01B4992E286A588F0000EA4E /* PTDRingMenuRing.h in Headers */,
				01B498FF286A55FA0000EA4E /* PTDGraphics.h in Headers */,
				01B4991F286A57020000EA4E /* PTDOvalTool.h in Headers */,
				01B498F9286A55FA0000EA4E /* NSMenu+PTD.h in Headers */,
				01B4992A286A588F0000EA4E /* PTDRingMenuWindow.h in Headers */,
				01B498F3286A55FA0000EA4E /* NSTextView+PTD.h in Headers */,
				01B498F2286A55FA0000EA4E /* NSImage+PTD.h in Headers */,
				01B49904286A56A80000EA4E /* PTDToolManager.h in Headers */,
				01B49910286A56CC0000EA4E /* PTDSelectionTool.h in Headers */,
				01B49918286A56EC0000EA4E /* PTDShapeTool.h in Headers */,
				01B4991B286A56EC0000EA4E /* PTDPencilTool.h in Headers */,
				01B49907286A56A80000EA4E /* PTDDrawingSurface.h in Headers */,
				01B49911286A56CC0000EA4E /* PTDEraserTool.h in Headers */,
				01B49912286A56CC0000EA4E /* PTDResetTool.h in Headers */,
				01B498BA286A55AC0000EA4E /* PTDCommon.h in Headers */,
				01B49959286A59B60000EA4E /* PTDOpenGLBufferedTexture.h in Headers */,
				01B498F7286A55FA0000EA4E /* NSView+PTD.h in Headers */,
			);
			runOnlyForDeploymentPostprocessing = 0;
		};
/* End PBXHeadersBuildPhase section */

/* Begin PBXNativeTarget section */
		01A213D9248EE94500B5EB9D /* PaintTheDesktop */ = {
			isa = PBXNativeTarget;
			buildConfigurationList = 01A213EB248EE94600B5EB9D /* Build configuration list for PBXNativeTarget "PaintTheDesktop" */;
			buildPhases = (
				01A213D6248EE94500B5EB9D /* Sources */,
				01A213D7248EE94500B5EB9D /* Frameworks */,
				01A213D8248EE94500B5EB9D /* Resources */,
				0146EBAA24FB317B00B3785C /* Copy Bundle Frameworks */,
				01CFFD1424EB01F40093D6BA /* Write Build Number */,
			);
			buildRules = (
			);
			dependencies = (
				01B498BC286A55AC0000EA4E /* PBXTargetDependency */,
			);
			name = PaintTheDesktop;
			packageProductDependencies = (
				0133BA9A2780B997004A3E2E /* Sparkle */,
			);
			productName = PaintTheDesktop;
			productReference = 01A213DA248EE94500B5EB9D /* PaintTheDesktop.app */;
			productType = "com.apple.product-type.application";
		};
		01B498B6286A55AC0000EA4E /* PTDCommon */ = {
			isa = PBXNativeTarget;
			buildConfigurationList = 01B498C1286A55AC0000EA4E /* Build configuration list for PBXNativeTarget "PTDCommon" */;
			buildPhases = (
				01B498B2286A55AC0000EA4E /* Headers */,
				01B498B3286A55AC0000EA4E /* Sources */,
				01B498B4286A55AC0000EA4E /* Frameworks */,
				01B498B5286A55AC0000EA4E /* Resources */,
			);
			buildRules = (
			);
			dependencies = (
			);
			name = PTDCommon;
			productName = PTDCommon;
			productReference = 01B498B7286A55AC0000EA4E /* PTDCommon.framework */;
			productType = "com.apple.product-type.framework";
		};
/* End PBXNativeTarget section */

/* Begin PBXProject section */
		01A213D2248EE94400B5EB9D /* Project object */ = {
			isa = PBXProject;
			attributes = {
				CLASSPREFIX = PTD;
				LastUpgradeCheck = 1400;
				ORGANIZATIONNAME = danielecattaneo;
				TargetAttributes = {
					01A213D9248EE94500B5EB9D = {
						CreatedOnToolsVersion = 11.3.1;
					};
					01B498B6286A55AC0000EA4E = {
						CreatedOnToolsVersion = 13.4.1;
					};
				};
			};
			buildConfigurationList = 01A213D5248EE94400B5EB9D /* Build configuration list for PBXProject "PaintTheDesktop" */;
			compatibilityVersion = "Xcode 9.3";
			developmentRegion = en;
			hasScannedForEncodings = 0;
			knownRegions = (
				en,
				Base,
			);
			mainGroup = 01A213D1248EE94400B5EB9D;
			packageReferences = (
				0133BA992780B997004A3E2E /* XCRemoteSwiftPackageReference "Sparkle" */,
			);
			productRefGroup = 01A213DB248EE94500B5EB9D /* Products */;
			projectDirPath = "";
			projectRoot = "";
			targets = (
				01A213D9248EE94500B5EB9D /* PaintTheDesktop */,
				01B498B6286A55AC0000EA4E /* PTDCommon */,
			);
		};
/* End PBXProject section */

/* Begin PBXResourcesBuildPhase section */
		01A213D8248EE94500B5EB9D /* Resources */ = {
			isa = PBXResourcesBuildPhase;
			buildActionMask = 2147483647;
			files = (
				018CB0C624AA3CCB002ABD80 /* PTDThumbnailMenuItemView.xib in Resources */,
				01B4996A286A5B0B0000EA4E /* PTDPDFAnnotationPaintWindowController.xib in Resources */,
				01EE4621260BAD3400CF4CFF /* PTDPreferencesWindow.xib in Resources */,
				01B49968286A5B040000EA4E /* PTDPDFPresentationPaintWindowController.xib in Resources */,
				01CFFD1924EB50580093D6BA /* Localizable.strings in Resources */,
				01A213E1248EE94600B5EB9D /* Assets.xcassets in Resources */,
				016A928D24993FFD006C9678 /* PTDRingMenuWindow.xib in Resources */,
				01A213E4248EE94600B5EB9D /* PTDApp.xib in Resources */,
				01484B122632321100B0518F /* PTDSizeEditorPopover.xib in Resources */,
			);
			runOnlyForDeploymentPostprocessing = 0;
		};
		01B498B5286A55AC0000EA4E /* Resources */ = {
			isa = PBXResourcesBuildPhase;
			buildActionMask = 2147483647;
			files = (
				0157B8FA286A5DE4009F5D74 /* Assets.xcassets in Resources */,
			);
			runOnlyForDeploymentPostprocessing = 0;
		};
/* End PBXResourcesBuildPhase section */

/* Begin PBXShellScriptBuildPhase section */
		01CFFD1424EB01F40093D6BA /* Write Build Number */ = {
			isa = PBXShellScriptBuildPhase;
			alwaysOutOfDate = 1;
			buildActionMask = 2147483647;
			files = (
			);
			inputFileListPaths = (
			);
			inputPaths = (
				"$(TARGET_BUILD_DIR)/$(INFOPLIST_PATH)",
			);
			name = "Write Build Number";
			outputFileListPaths = (
			);
			outputPaths = (
			);
			runOnlyForDeploymentPostprocessing = 0;
			shellPath = /bin/sh;
			shellScript = "VERNO=$(git rev-list HEAD --count)\nif [ $? -ne 0 ]; then\n  VERNO='1';\nfi\necho $VERNO\n/usr/libexec/PlistBuddy -c \"Set :CFBundleVersion $VERNO\" \"$TARGET_BUILD_DIR/$INFOPLIST_PATH\"\n";
		};
/* End PBXShellScriptBuildPhase section */

/* Begin PBXSourcesBuildPhase section */
		01A213D6248EE94500B5EB9D /* Sources */ = {
			isa = PBXSourcesBuildPhase;
			buildActionMask = 2147483647;
			files = (
				019AB4882622571F008F85A7 /* PTDBrushColorPrefsCollectionViewDelegate.m in Sources */,
				01B4996C286A5B120000EA4E /* PTDAnnotationOverlayPDFPage.m in Sources */,
				01B4995D286A5AD50000EA4E /* PTDScreenPaintWindowController.m in Sources */,
				01B49967286A5B000000EA4E /* PTDPDFPresentationPaintWindowController.m in Sources */,
				01EE4624260BE25F00CF4CFF /* PTDBrushColorCollectionViewItem.m in Sources */,
				01B4995E286A5AD50000EA4E /* PTDSimpleCanvasPaintWindowController.m in Sources */,
				01B4996B286A5B0F0000EA4E /* PTDPDFPageView.m in Sources */,
				01484AFF263213EA00B0518F /* PTDAbstractPrefsCollectionViewDelegate.m in Sources */,
				01B49966286A5AFC0000EA4E /* PTDPDFPaintWindowController.m in Sources */,
				01484B112632321100B0518F /* PTDSizeEditorPopover.m in Sources */,
				01A213E7248EE94600B5EB9D /* main.m in Sources */,
				01484B0726321F4900B0518F /* PTDAbstractSizeCollectionViewItem.m in Sources */,
				01F171DA27823BF700EFC221 /* PTDTextSizePrefsTableViewController.m in Sources */,
				01B49969286A5B070000EA4E /* PTDPDFAnnotationPaintWindowController.m in Sources */,
				01484B0426321F1800B0518F /* PTDAbstractSizePrefsCollectionViewDelegate.m in Sources */,
				01A213DF248EE94500B5EB9D /* PTDAppDelegate.m in Sources */,
				01EE4620260BAD3400CF4CFF /* PTDPreferencesWindowController.m in Sources */,
			);
			runOnlyForDeploymentPostprocessing = 0;
		};
		01B498B3286A55AC0000EA4E /* Sources */ = {
			isa = PBXSourcesBuildPhase;
			buildActionMask = 2147483647;
			files = (
				01B4990D286A56A80000EA4E /* PTDDrawingSurface.m in Sources */,
				01B498FD286A55FA0000EA4E /* PTDNSPanel.m in Sources */,
				01B498E6286A55FA0000EA4E /* NSTextView+PTD.m in Sources */,
				01B49923286A57020000EA4E /* PTDRoundRectTool.m in Sources */,
				01B49931286A58CF0000EA4E /* PTDOpenGLBufferedTexture.m in Sources */,
				01B498F0286A55FA0000EA4E /* PTDCollectionViewFlowLayout.m in Sources */,
				01B49903286A56A80000EA4E /* PTDBrushTool.m in Sources */,
				01B49956286A59B60000EA4E /* PTDPaintView.m in Sources */,
				01B4995A286A59B60000EA4E /* PTDCursor.m in Sources */,
				01B498EC286A55FA0000EA4E /* NSWindow+PTD.m in Sources */,
				01B498EF286A55FA0000EA4E /* PTDNoAnimeCALayer.m in Sources */,
				01B4990A286A56A80000EA4E /* PTDTool.m in Sources */,
				01B4991E286A57020000EA4E /* PTDRectangleTool.m in Sources */,
				01B498EB286A55FA0000EA4E /* NSColor+PTD.m in Sources */,
				01B49941286A59810000EA4E /* PTDSimpleAbstractPaintWindowController.m in Sources */,
				01B49942286A59810000EA4E /* PTDAbstractPaintWindowController.m in Sources */,
				01B49915286A56CC0000EA4E /* PTDSelectionTool.m in Sources */,
				01B498F1286A55FA0000EA4E /* NSMenu+PTD.m in Sources */,
				01B49933286A59580000EA4E /* PTDThumbnailMenuItemView.m in Sources */,
				01B49919286A56EC0000EA4E /* PTDPencilTool.m in Sources */,
				01B4992F286A58CF0000EA4E /* PTDPaintViewController.m in Sources */,
				01B49929286A58570000EA4E /* PTDRingMenu.m in Sources */,
				01B498FE286A55FA0000EA4E /* NSBezierPath+PTD.m in Sources */,
				01B49906286A56A80000EA4E /* PTDTextTool.m in Sources */,
				01B498E3286A55FA0000EA4E /* NSScreen+PTD.m in Sources */,
				01B498E7286A55FA0000EA4E /* NSView+PTD.m in Sources */,
				01B49914286A56CC0000EA4E /* PTDEraserTool.m in Sources */,
				01B49927286A58570000EA4E /* PTDRingMenuItem.m in Sources */,
				01B49926286A58570000EA4E /* PTDRingMenuWindow.m in Sources */,
				01B49913286A56CC0000EA4E /* PTDResetTool.m in Sources */,
				01B498E5286A55FA0000EA4E /* PTDGraphics.m in Sources */,
				01B49909286A56A80000EA4E /* PTDToolManager.m in Sources */,
				01B49917286A56EC0000EA4E /* PTDShapeTool.m in Sources */,
				01B498E9286A55FA0000EA4E /* PTDUtils.m in Sources */,
				01B4991A286A56EC0000EA4E /* PTDLineTool.m in Sources */,
				01B49928286A58570000EA4E /* PTDRingMenuRing.m in Sources */,
				01B498EE286A55FA0000EA4E /* NSImage+PTD.m in Sources */,
				01B498FB286A55FA0000EA4E /* NSNib+PTD.m in Sources */,
				01B498F4286A55FA0000EA4E /* NSAffineTransform+PTD.m in Sources */,
				01B49905286A56A80000EA4E /* PTDToolOptions.m in Sources */,
				01B49921286A57020000EA4E /* PTDOvalTool.m in Sources */,
				01B49925286A58570000EA4E /* PTDRingMenuSpring.m in Sources */,
			);
			runOnlyForDeploymentPostprocessing = 0;
		};
/* End PBXSourcesBuildPhase section */

/* Begin PBXTargetDependency section */
		01B498BC286A55AC0000EA4E /* PBXTargetDependency */ = {
			isa = PBXTargetDependency;
			target = 01B498B6286A55AC0000EA4E /* PTDCommon */;
			targetProxy = 01B498BB286A55AC0000EA4E /* PBXContainerItemProxy */;
		};
/* End PBXTargetDependency section */

/* Begin PBXVariantGroup section */
		01A213E2248EE94600B5EB9D /* PTDApp.xib */ = {
			isa = PBXVariantGroup;
			children = (
				01A213E3248EE94600B5EB9D /* Base */,
				01CFFD1624EB4F6D0093D6BA /* en */,
			);
			name = PTDApp.xib;
			sourceTree = "<group>";
		};
		01CFFD1B24EB50580093D6BA /* Localizable.strings */ = {
			isa = PBXVariantGroup;
			children = (
				01CFFD1A24EB50580093D6BA /* en */,
			);
			name = Localizable.strings;
			sourceTree = "<group>";
		};
/* End PBXVariantGroup section */

/* Begin XCBuildConfiguration section */
		01A213E9248EE94600B5EB9D /* Debug */ = {
			isa = XCBuildConfiguration;
			buildSettings = {
				ALWAYS_SEARCH_USER_PATHS = NO;
				CLANG_ANALYZER_NONNULL = YES;
				CLANG_ANALYZER_NUMBER_OBJECT_CONVERSION = YES_AGGRESSIVE;
				CLANG_CXX_LANGUAGE_STANDARD = "gnu++14";
				CLANG_CXX_LIBRARY = "libc++";
				CLANG_ENABLE_MODULES = YES;
				CLANG_ENABLE_OBJC_ARC = YES;
				CLANG_ENABLE_OBJC_WEAK = YES;
				CLANG_WARN_BLOCK_CAPTURE_AUTORELEASING = YES;
				CLANG_WARN_BOOL_CONVERSION = YES;
				CLANG_WARN_COMMA = YES;
				CLANG_WARN_CONSTANT_CONVERSION = YES;
				CLANG_WARN_DEPRECATED_OBJC_IMPLEMENTATIONS = YES;
				CLANG_WARN_DIRECT_OBJC_ISA_USAGE = YES_ERROR;
				CLANG_WARN_DOCUMENTATION_COMMENTS = YES;
				CLANG_WARN_EMPTY_BODY = YES;
				CLANG_WARN_ENUM_CONVERSION = YES;
				CLANG_WARN_INFINITE_RECURSION = YES;
				CLANG_WARN_INT_CONVERSION = YES;
				CLANG_WARN_NON_LITERAL_NULL_CONVERSION = YES;
				CLANG_WARN_OBJC_IMPLICIT_RETAIN_SELF = YES;
				CLANG_WARN_OBJC_LITERAL_CONVERSION = YES;
				CLANG_WARN_OBJC_ROOT_CLASS = YES_ERROR;
				CLANG_WARN_QUOTED_INCLUDE_IN_FRAMEWORK_HEADER = YES;
				CLANG_WARN_RANGE_LOOP_ANALYSIS = YES;
				CLANG_WARN_STRICT_PROTOTYPES = YES;
				CLANG_WARN_SUSPICIOUS_MOVE = YES;
				CLANG_WARN_UNGUARDED_AVAILABILITY = YES_AGGRESSIVE;
				CLANG_WARN_UNREACHABLE_CODE = YES;
				CLANG_WARN__DUPLICATE_METHOD_MATCH = YES;
				COPY_PHASE_STRIP = NO;
				DEAD_CODE_STRIPPING = YES;
				DEBUG_INFORMATION_FORMAT = dwarf;
				ENABLE_STRICT_OBJC_MSGSEND = YES;
				ENABLE_TESTABILITY = YES;
				GCC_C_LANGUAGE_STANDARD = gnu11;
				GCC_DYNAMIC_NO_PIC = NO;
				GCC_NO_COMMON_BLOCKS = YES;
				GCC_OPTIMIZATION_LEVEL = 0;
				GCC_PREPROCESSOR_DEFINITIONS = (
					"DEBUG=1",
					"$(inherited)",
				);
				GCC_WARN_64_TO_32_BIT_CONVERSION = YES;
				GCC_WARN_ABOUT_RETURN_TYPE = YES_ERROR;
				GCC_WARN_UNDECLARED_SELECTOR = YES;
				GCC_WARN_UNINITIALIZED_AUTOS = YES_AGGRESSIVE;
				GCC_WARN_UNUSED_FUNCTION = YES;
				GCC_WARN_UNUSED_VARIABLE = YES;
				MACOSX_DEPLOYMENT_TARGET = 10.13.4;
				MTL_ENABLE_DEBUG_INFO = INCLUDE_SOURCE;
				MTL_FAST_MATH = YES;
				ONLY_ACTIVE_ARCH = YES;
				SDKROOT = macosx;
			};
			name = Debug;
		};
		01A213EA248EE94600B5EB9D /* Release */ = {
			isa = XCBuildConfiguration;
			buildSettings = {
				ALWAYS_SEARCH_USER_PATHS = NO;
				CLANG_ANALYZER_NONNULL = YES;
				CLANG_ANALYZER_NUMBER_OBJECT_CONVERSION = YES_AGGRESSIVE;
				CLANG_CXX_LANGUAGE_STANDARD = "gnu++14";
				CLANG_CXX_LIBRARY = "libc++";
				CLANG_ENABLE_MODULES = YES;
				CLANG_ENABLE_OBJC_ARC = YES;
				CLANG_ENABLE_OBJC_WEAK = YES;
				CLANG_WARN_BLOCK_CAPTURE_AUTORELEASING = YES;
				CLANG_WARN_BOOL_CONVERSION = YES;
				CLANG_WARN_COMMA = YES;
				CLANG_WARN_CONSTANT_CONVERSION = YES;
				CLANG_WARN_DEPRECATED_OBJC_IMPLEMENTATIONS = YES;
				CLANG_WARN_DIRECT_OBJC_ISA_USAGE = YES_ERROR;
				CLANG_WARN_DOCUMENTATION_COMMENTS = YES;
				CLANG_WARN_EMPTY_BODY = YES;
				CLANG_WARN_ENUM_CONVERSION = YES;
				CLANG_WARN_INFINITE_RECURSION = YES;
				CLANG_WARN_INT_CONVERSION = YES;
				CLANG_WARN_NON_LITERAL_NULL_CONVERSION = YES;
				CLANG_WARN_OBJC_IMPLICIT_RETAIN_SELF = YES;
				CLANG_WARN_OBJC_LITERAL_CONVERSION = YES;
				CLANG_WARN_OBJC_ROOT_CLASS = YES_ERROR;
				CLANG_WARN_QUOTED_INCLUDE_IN_FRAMEWORK_HEADER = YES;
				CLANG_WARN_RANGE_LOOP_ANALYSIS = YES;
				CLANG_WARN_STRICT_PROTOTYPES = YES;
				CLANG_WARN_SUSPICIOUS_MOVE = YES;
				CLANG_WARN_UNGUARDED_AVAILABILITY = YES_AGGRESSIVE;
				CLANG_WARN_UNREACHABLE_CODE = YES;
				CLANG_WARN__DUPLICATE_METHOD_MATCH = YES;
				COPY_PHASE_STRIP = NO;
				DEAD_CODE_STRIPPING = YES;
				DEBUG_INFORMATION_FORMAT = "dwarf-with-dsym";
				ENABLE_NS_ASSERTIONS = NO;
				ENABLE_STRICT_OBJC_MSGSEND = YES;
				GCC_C_LANGUAGE_STANDARD = gnu11;
				GCC_NO_COMMON_BLOCKS = YES;
				GCC_WARN_64_TO_32_BIT_CONVERSION = YES;
				GCC_WARN_ABOUT_RETURN_TYPE = YES_ERROR;
				GCC_WARN_UNDECLARED_SELECTOR = YES;
				GCC_WARN_UNINITIALIZED_AUTOS = YES_AGGRESSIVE;
				GCC_WARN_UNUSED_FUNCTION = YES;
				GCC_WARN_UNUSED_VARIABLE = YES;
				MACOSX_DEPLOYMENT_TARGET = 10.13.4;
				MTL_ENABLE_DEBUG_INFO = NO;
				MTL_FAST_MATH = YES;
				SDKROOT = macosx;
			};
			name = Release;
		};
		01A213EC248EE94600B5EB9D /* Debug */ = {
			isa = XCBuildConfiguration;
			buildSettings = {
				ASSETCATALOG_COMPILER_APPICON_NAME = AppIcon;
				CODE_SIGN_IDENTITY = "-";
				CODE_SIGN_STYLE = Manual;
				COMBINE_HIDPI_IMAGES = YES;
				DEAD_CODE_STRIPPING = YES;
				DEVELOPMENT_TEAM = "";
				INFOPLIST_FILE = PaintTheDesktop/Info.plist;
				LD_RUNPATH_SEARCH_PATHS = (
					"$(inherited)",
					"@executable_path/../Frameworks",
				);
				MARKETING_VERSION = 1.0.0;
				PRODUCT_BUNDLE_IDENTIFIER = com.danielecattaneo.PaintTheDesktop;
				PRODUCT_NAME = "$(TARGET_NAME)";
				PROVISIONING_PROFILE_SPECIFIER = "";
			};
			name = Debug;
		};
		01A213ED248EE94600B5EB9D /* Release */ = {
			isa = XCBuildConfiguration;
			buildSettings = {
				ASSETCATALOG_COMPILER_APPICON_NAME = AppIcon;
				CODE_SIGN_IDENTITY = "-";
				CODE_SIGN_STYLE = Manual;
				COMBINE_HIDPI_IMAGES = YES;
				DEAD_CODE_STRIPPING = YES;
				DEVELOPMENT_TEAM = "";
				INFOPLIST_FILE = PaintTheDesktop/Info.plist;
				LD_RUNPATH_SEARCH_PATHS = (
					"$(inherited)",
					"@executable_path/../Frameworks",
				);
				MARKETING_VERSION = 1.0.0;
				PRODUCT_BUNDLE_IDENTIFIER = com.danielecattaneo.PaintTheDesktop;
				PRODUCT_NAME = "$(TARGET_NAME)";
				PROVISIONING_PROFILE_SPECIFIER = "";
			};
			name = Release;
		};
		01B498BF286A55AC0000EA4E /* Debug */ = {
			isa = XCBuildConfiguration;
			buildSettings = {
				CLANG_CXX_LANGUAGE_STANDARD = "gnu++17";
				CODE_SIGN_IDENTITY = "-";
				CODE_SIGN_STYLE = Automatic;
				COMBINE_HIDPI_IMAGES = YES;
				CURRENT_PROJECT_VERSION = 1;
				DEFINES_MODULE = YES;
				DEVELOPMENT_TEAM = "";
				DYLIB_COMPATIBILITY_VERSION = 1;
				DYLIB_CURRENT_VERSION = 1;
				DYLIB_INSTALL_NAME_BASE = "@rpath";
				GENERATE_INFOPLIST_FILE = YES;
				INFOPLIST_KEY_NSHumanReadableCopyright = "Copyright © 2022 danielecattaneo. All rights reserved.";
				INSTALL_PATH = "$(LOCAL_APPS_DIR)/PaintTheDesktop.app/Contents/Frameworks";
				LD_RUNPATH_SEARCH_PATHS = (
					"$(inherited)",
					"@executable_path/../Frameworks",
					"@loader_path/Frameworks",
				);
				MARKETING_VERSION = 1.0;
				PRODUCT_BUNDLE_IDENTIFIER = com.danielecattaneo.PaintTheDesktop.fmwk;
				PRODUCT_NAME = "$(TARGET_NAME:c99extidentifier)";
				SKIP_INSTALL = YES;
				SWIFT_EMIT_LOC_STRINGS = YES;
				VERSIONING_SYSTEM = "apple-generic";
				VERSION_INFO_PREFIX = "";
			};
			name = Debug;
		};
		01B498C0286A55AC0000EA4E /* Release */ = {
			isa = XCBuildConfiguration;
			buildSettings = {
				CLANG_CXX_LANGUAGE_STANDARD = "gnu++17";
				CODE_SIGN_IDENTITY = "-";
				CODE_SIGN_STYLE = Automatic;
				COMBINE_HIDPI_IMAGES = YES;
				CURRENT_PROJECT_VERSION = 1;
				DEFINES_MODULE = YES;
				DEVELOPMENT_TEAM = "";
				DYLIB_COMPATIBILITY_VERSION = 1;
				DYLIB_CURRENT_VERSION = 1;
				DYLIB_INSTALL_NAME_BASE = "@rpath";
				GENERATE_INFOPLIST_FILE = YES;
				INFOPLIST_KEY_NSHumanReadableCopyright = "Copyright © 2022 danielecattaneo. All rights reserved.";
				INSTALL_PATH = "$(LOCAL_APPS_DIR)/PaintTheDesktop.app/Contents/Frameworks";
				LD_RUNPATH_SEARCH_PATHS = (
					"$(inherited)",
					"@executable_path/../Frameworks",
					"@loader_path/Frameworks",
				);
				MARKETING_VERSION = 1.0;
				PRODUCT_BUNDLE_IDENTIFIER = com.danielecattaneo.PaintTheDesktop.fmwk;
				PRODUCT_NAME = "$(TARGET_NAME:c99extidentifier)";
				SKIP_INSTALL = YES;
				SWIFT_EMIT_LOC_STRINGS = YES;
				VERSIONING_SYSTEM = "apple-generic";
				VERSION_INFO_PREFIX = "";
			};
			name = Release;
		};
/* End XCBuildConfiguration section */

/* Begin XCConfigurationList section */
		01A213D5248EE94400B5EB9D /* Build configuration list for PBXProject "PaintTheDesktop" */ = {
			isa = XCConfigurationList;
			buildConfigurations = (
				01A213E9248EE94600B5EB9D /* Debug */,
				01A213EA248EE94600B5EB9D /* Release */,
			);
			defaultConfigurationIsVisible = 0;
			defaultConfigurationName = Release;
		};
		01A213EB248EE94600B5EB9D /* Build configuration list for PBXNativeTarget "PaintTheDesktop" */ = {
			isa = XCConfigurationList;
			buildConfigurations = (
				01A213EC248EE94600B5EB9D /* Debug */,
				01A213ED248EE94600B5EB9D /* Release */,
			);
			defaultConfigurationIsVisible = 0;
			defaultConfigurationName = Release;
		};
		01B498C1286A55AC0000EA4E /* Build configuration list for PBXNativeTarget "PTDCommon" */ = {
			isa = XCConfigurationList;
			buildConfigurations = (
				01B498BF286A55AC0000EA4E /* Debug */,
				01B498C0286A55AC0000EA4E /* Release */,
			);
			defaultConfigurationIsVisible = 0;
			defaultConfigurationName = Release;
		};
/* End XCConfigurationList section */

/* Begin XCRemoteSwiftPackageReference section */
		0133BA992780B997004A3E2E /* XCRemoteSwiftPackageReference "Sparkle" */ = {
			isa = XCRemoteSwiftPackageReference;
			repositoryURL = "https://github.com/sparkle-project/Sparkle";
			requirement = {
				kind = upToNextMajorVersion;
				minimumVersion = 2.0.0;
			};
		};
/* End XCRemoteSwiftPackageReference section */

/* Begin XCSwiftPackageProductDependency section */
		0133BA9A2780B997004A3E2E /* Sparkle */ = {
			isa = XCSwiftPackageProductDependency;
			package = 0133BA992780B997004A3E2E /* XCRemoteSwiftPackageReference "Sparkle" */;
			productName = Sparkle;
		};
/* End XCSwiftPackageProductDependency section */
	};
	rootObject = 01A213D2248EE94400B5EB9D /* Project object */;
}
